// !$*UTF8*$!
{
	archiveVersion = 1;
	classes = {
	};
	objectVersion = 56;
	objects = {

/* Begin PBXBuildFile section */
		38DCDCF63AF464429C353535 /* Pods_CitySearch_CitySearchUITests.framework in Frameworks */ = {isa = PBXBuildFile; fileRef = B0A4AE70571C2E6F06E3BD34 /* Pods_CitySearch_CitySearchUITests.framework */; };
		3FE800B629AC7FE100598BC5 /* AppDelegate.swift in Sources */ = {isa = PBXBuildFile; fileRef = 3FE800B529AC7FE100598BC5 /* AppDelegate.swift */; };
		3FE800B829AC7FE100598BC5 /* SceneDelegate.swift in Sources */ = {isa = PBXBuildFile; fileRef = 3FE800B729AC7FE100598BC5 /* SceneDelegate.swift */; };
		3FE800BD29AC7FE100598BC5 /* Main.storyboard in Resources */ = {isa = PBXBuildFile; fileRef = 3FE800BB29AC7FE100598BC5 /* Main.storyboard */; };
		3FE800BF29AC7FE200598BC5 /* Assets.xcassets in Resources */ = {isa = PBXBuildFile; fileRef = 3FE800BE29AC7FE200598BC5 /* Assets.xcassets */; };
		3FE800C229AC7FE200598BC5 /* LaunchScreen.storyboard in Resources */ = {isa = PBXBuildFile; fileRef = 3FE800C029AC7FE200598BC5 /* LaunchScreen.storyboard */; };
		3FE800CD29AC7FE300598BC5 /* CitySearchTests.swift in Sources */ = {isa = PBXBuildFile; fileRef = 3FE800CC29AC7FE300598BC5 /* CitySearchTests.swift */; };
		3FE800D729AC7FE300598BC5 /* CitySearchUITests.swift in Sources */ = {isa = PBXBuildFile; fileRef = 3FE800D629AC7FE300598BC5 /* CitySearchUITests.swift */; };
		3FE800D929AC7FE300598BC5 /* CitySearchUITestsLaunchTests.swift in Sources */ = {isa = PBXBuildFile; fileRef = 3FE800D829AC7FE300598BC5 /* CitySearchUITestsLaunchTests.swift */; };
		3FE800E829ACAA6B00598BC5 /* Application.swift in Sources */ = {isa = PBXBuildFile; fileRef = 3FE800E729ACAA6B00598BC5 /* Application.swift */; };
		3FE800EC29ACAB7A00598BC5 /* CitySearchViewController.swift in Sources */ = {isa = PBXBuildFile; fileRef = 3FE800EB29ACAB7A00598BC5 /* CitySearchViewController.swift */; };
		3FE800EE29ACABF500598BC5 /* DefaultCitySearchNavigator.swift in Sources */ = {isa = PBXBuildFile; fileRef = 3FE800ED29ACABF500598BC5 /* DefaultCitySearchNavigator.swift */; };
		3FE800F029ACACE800598BC5 /* Reusable.swift in Sources */ = {isa = PBXBuildFile; fileRef = 3FE800EF29ACACE800598BC5 /* Reusable.swift */; };
		61D7BB76C3E244A30AC2803D /* Pods_CitySearch.framework in Frameworks */ = {isa = PBXBuildFile; fileRef = 499C5835FC1E46010C7478E4 /* Pods_CitySearch.framework */; };
		AB103328610D67CB225C0F9F /* Pods_CitySearchTests.framework in Frameworks */ = {isa = PBXBuildFile; fileRef = 223AB47FB113B1EF714149FC /* Pods_CitySearchTests.framework */; };
/* End PBXBuildFile section */

/* Begin PBXContainerItemProxy section */
		3FE800C929AC7FE300598BC5 /* PBXContainerItemProxy */ = {
			isa = PBXContainerItemProxy;
			containerPortal = 3FE800AA29AC7FE100598BC5 /* Project object */;
			proxyType = 1;
			remoteGlobalIDString = 3FE800B129AC7FE100598BC5;
			remoteInfo = CitySearch;
		};
		3FE800D329AC7FE300598BC5 /* PBXContainerItemProxy */ = {
			isa = PBXContainerItemProxy;
			containerPortal = 3FE800AA29AC7FE100598BC5 /* Project object */;
			proxyType = 1;
			remoteGlobalIDString = 3FE800B129AC7FE100598BC5;
			remoteInfo = CitySearch;
		};
/* End PBXContainerItemProxy section */

/* Begin PBXFileReference section */
		0974848ADD39782C966603C6 /* Pods-CitySearchTests.debug.xcconfig */ = {isa = PBXFileReference; includeInIndex = 1; lastKnownFileType = text.xcconfig; name = "Pods-CitySearchTests.debug.xcconfig"; path = "Target Support Files/Pods-CitySearchTests/Pods-CitySearchTests.debug.xcconfig"; sourceTree = "<group>"; };
		1E274BA7031D496FC7D9B339 /* Pods-CitySearch-CitySearchUITests.release.xcconfig */ = {isa = PBXFileReference; includeInIndex = 1; lastKnownFileType = text.xcconfig; name = "Pods-CitySearch-CitySearchUITests.release.xcconfig"; path = "Target Support Files/Pods-CitySearch-CitySearchUITests/Pods-CitySearch-CitySearchUITests.release.xcconfig"; sourceTree = "<group>"; };
		223AB47FB113B1EF714149FC /* Pods_CitySearchTests.framework */ = {isa = PBXFileReference; explicitFileType = wrapper.framework; includeInIndex = 0; path = Pods_CitySearchTests.framework; sourceTree = BUILT_PRODUCTS_DIR; };
		3FE800B229AC7FE100598BC5 /* CitySearch.app */ = {isa = PBXFileReference; explicitFileType = wrapper.application; includeInIndex = 0; path = CitySearch.app; sourceTree = BUILT_PRODUCTS_DIR; };
		3FE800B529AC7FE100598BC5 /* AppDelegate.swift */ = {isa = PBXFileReference; lastKnownFileType = sourcecode.swift; path = AppDelegate.swift; sourceTree = "<group>"; };
		3FE800B729AC7FE100598BC5 /* SceneDelegate.swift */ = {isa = PBXFileReference; lastKnownFileType = sourcecode.swift; path = SceneDelegate.swift; sourceTree = "<group>"; };
		3FE800BC29AC7FE100598BC5 /* Base */ = {isa = PBXFileReference; lastKnownFileType = file.storyboard; name = Base; path = Base.lproj/Main.storyboard; sourceTree = "<group>"; };
		3FE800BE29AC7FE200598BC5 /* Assets.xcassets */ = {isa = PBXFileReference; lastKnownFileType = folder.assetcatalog; path = Assets.xcassets; sourceTree = "<group>"; };
		3FE800C129AC7FE200598BC5 /* Base */ = {isa = PBXFileReference; lastKnownFileType = file.storyboard; name = Base; path = Base.lproj/LaunchScreen.storyboard; sourceTree = "<group>"; };
		3FE800C329AC7FE200598BC5 /* Info.plist */ = {isa = PBXFileReference; lastKnownFileType = text.plist.xml; path = Info.plist; sourceTree = "<group>"; };
		3FE800C829AC7FE300598BC5 /* CitySearchTests.xctest */ = {isa = PBXFileReference; explicitFileType = wrapper.cfbundle; includeInIndex = 0; path = CitySearchTests.xctest; sourceTree = BUILT_PRODUCTS_DIR; };
		3FE800CC29AC7FE300598BC5 /* CitySearchTests.swift */ = {isa = PBXFileReference; lastKnownFileType = sourcecode.swift; path = CitySearchTests.swift; sourceTree = "<group>"; };
		3FE800D229AC7FE300598BC5 /* CitySearchUITests.xctest */ = {isa = PBXFileReference; explicitFileType = wrapper.cfbundle; includeInIndex = 0; path = CitySearchUITests.xctest; sourceTree = BUILT_PRODUCTS_DIR; };
		3FE800D629AC7FE300598BC5 /* CitySearchUITests.swift */ = {isa = PBXFileReference; lastKnownFileType = sourcecode.swift; path = CitySearchUITests.swift; sourceTree = "<group>"; };
		3FE800D829AC7FE300598BC5 /* CitySearchUITestsLaunchTests.swift */ = {isa = PBXFileReference; lastKnownFileType = sourcecode.swift; path = CitySearchUITestsLaunchTests.swift; sourceTree = "<group>"; };
		3FE800E729ACAA6B00598BC5 /* Application.swift */ = {isa = PBXFileReference; lastKnownFileType = sourcecode.swift; path = Application.swift; sourceTree = "<group>"; };
		3FE800EB29ACAB7A00598BC5 /* CitySearchViewController.swift */ = {isa = PBXFileReference; lastKnownFileType = sourcecode.swift; path = CitySearchViewController.swift; sourceTree = "<group>"; };
		3FE800ED29ACABF500598BC5 /* DefaultCitySearchNavigator.swift */ = {isa = PBXFileReference; lastKnownFileType = sourcecode.swift; path = DefaultCitySearchNavigator.swift; sourceTree = "<group>"; };
		3FE800EF29ACACE800598BC5 /* Reusable.swift */ = {isa = PBXFileReference; lastKnownFileType = sourcecode.swift; path = Reusable.swift; sourceTree = "<group>"; };
		499C5835FC1E46010C7478E4 /* Pods_CitySearch.framework */ = {isa = PBXFileReference; explicitFileType = wrapper.framework; includeInIndex = 0; path = Pods_CitySearch.framework; sourceTree = BUILT_PRODUCTS_DIR; };
		8C9A0FC04198F8D2509CC26E /* Pods-CitySearch.debug.xcconfig */ = {isa = PBXFileReference; includeInIndex = 1; lastKnownFileType = text.xcconfig; name = "Pods-CitySearch.debug.xcconfig"; path = "Target Support Files/Pods-CitySearch/Pods-CitySearch.debug.xcconfig"; sourceTree = "<group>"; };
		AC1480FEADE0981EB6E65313 /* Pods-CitySearchTests.release.xcconfig */ = {isa = PBXFileReference; includeInIndex = 1; lastKnownFileType = text.xcconfig; name = "Pods-CitySearchTests.release.xcconfig"; path = "Target Support Files/Pods-CitySearchTests/Pods-CitySearchTests.release.xcconfig"; sourceTree = "<group>"; };
		B0A4AE70571C2E6F06E3BD34 /* Pods_CitySearch_CitySearchUITests.framework */ = {isa = PBXFileReference; explicitFileType = wrapper.framework; includeInIndex = 0; path = Pods_CitySearch_CitySearchUITests.framework; sourceTree = BUILT_PRODUCTS_DIR; };
		B3E0D8EE7D9B9BA6315F581D /* Pods-CitySearch.release.xcconfig */ = {isa = PBXFileReference; includeInIndex = 1; lastKnownFileType = text.xcconfig; name = "Pods-CitySearch.release.xcconfig"; path = "Target Support Files/Pods-CitySearch/Pods-CitySearch.release.xcconfig"; sourceTree = "<group>"; };
		B4DC6CF31BF1EA46E9ECB44F /* Pods-CitySearch-CitySearchUITests.debug.xcconfig */ = {isa = PBXFileReference; includeInIndex = 1; lastKnownFileType = text.xcconfig; name = "Pods-CitySearch-CitySearchUITests.debug.xcconfig"; path = "Target Support Files/Pods-CitySearch-CitySearchUITests/Pods-CitySearch-CitySearchUITests.debug.xcconfig"; sourceTree = "<group>"; };
/* End PBXFileReference section */

/* Begin PBXFrameworksBuildPhase section */
		3FE800AF29AC7FE100598BC5 /* Frameworks */ = {
			isa = PBXFrameworksBuildPhase;
			buildActionMask = 2147483647;
			files = (
				61D7BB76C3E244A30AC2803D /* Pods_CitySearch.framework in Frameworks */,
			);
			runOnlyForDeploymentPostprocessing = 0;
		};
		3FE800C529AC7FE300598BC5 /* Frameworks */ = {
			isa = PBXFrameworksBuildPhase;
			buildActionMask = 2147483647;
			files = (
				AB103328610D67CB225C0F9F /* Pods_CitySearchTests.framework in Frameworks */,
			);
			runOnlyForDeploymentPostprocessing = 0;
		};
		3FE800CF29AC7FE300598BC5 /* Frameworks */ = {
			isa = PBXFrameworksBuildPhase;
			buildActionMask = 2147483647;
			files = (
				38DCDCF63AF464429C353535 /* Pods_CitySearch_CitySearchUITests.framework in Frameworks */,
			);
			runOnlyForDeploymentPostprocessing = 0;
		};
/* End PBXFrameworksBuildPhase section */

/* Begin PBXGroup section */
		3FE800A929AC7FE100598BC5 = {
			isa = PBXGroup;
			children = (
				3FE800B429AC7FE100598BC5 /* CitySearch */,
				3FE800CB29AC7FE300598BC5 /* CitySearchTests */,
				3FE800D529AC7FE300598BC5 /* CitySearchUITests */,
				3FE800B329AC7FE100598BC5 /* Products */,
				F611F009D9AA8670D15D1D9B /* Pods */,
				6B04C1E58D85A20A3829570B /* Frameworks */,
			);
			sourceTree = "<group>";
		};
		3FE800B329AC7FE100598BC5 /* Products */ = {
			isa = PBXGroup;
			children = (
				3FE800B229AC7FE100598BC5 /* CitySearch.app */,
				3FE800C829AC7FE300598BC5 /* CitySearchTests.xctest */,
				3FE800D229AC7FE300598BC5 /* CitySearchUITests.xctest */,
			);
			name = Products;
			sourceTree = "<group>";
		};
		3FE800B429AC7FE100598BC5 /* CitySearch */ = {
			isa = PBXGroup;
			children = (
				3FE800E929ACAB3400598BC5 /* Scenes */,
				3FE800E529ACAA3000598BC5 /* Utility */,
				3FE800B529AC7FE100598BC5 /* AppDelegate.swift */,
				3FE800B729AC7FE100598BC5 /* SceneDelegate.swift */,
				3FE800BB29AC7FE100598BC5 /* Main.storyboard */,
				3FE800BE29AC7FE200598BC5 /* Assets.xcassets */,
				3FE800C029AC7FE200598BC5 /* LaunchScreen.storyboard */,
				3FE800C329AC7FE200598BC5 /* Info.plist */,
			);
			path = CitySearch;
			sourceTree = "<group>";
		};
		3FE800CB29AC7FE300598BC5 /* CitySearchTests */ = {
			isa = PBXGroup;
			children = (
				3FE800CC29AC7FE300598BC5 /* CitySearchTests.swift */,
			);
			path = CitySearchTests;
			sourceTree = "<group>";
		};
		3FE800D529AC7FE300598BC5 /* CitySearchUITests */ = {
			isa = PBXGroup;
			children = (
				3FE800D629AC7FE300598BC5 /* CitySearchUITests.swift */,
				3FE800D829AC7FE300598BC5 /* CitySearchUITestsLaunchTests.swift */,
			);
			path = CitySearchUITests;
			sourceTree = "<group>";
		};
		3FE800E529ACAA3000598BC5 /* Utility */ = {
			isa = PBXGroup;
			children = (
				3FE800EF29ACACE800598BC5 /* Reusable.swift */,
				3FE800E629ACAA4F00598BC5 /* Application */,
			);
			path = Utility;
			sourceTree = "<group>";
		};
		3FE800E629ACAA4F00598BC5 /* Application */ = {
			isa = PBXGroup;
			children = (
				3FE800E729ACAA6B00598BC5 /* Application.swift */,
			);
			path = Application;
			sourceTree = "<group>";
		};
		3FE800E929ACAB3400598BC5 /* Scenes */ = {
			isa = PBXGroup;
			children = (
				3FE800EA29ACAB5300598BC5 /* CitySearch */,
			);
			path = Scenes;
			sourceTree = "<group>";
		};
		3FE800EA29ACAB5300598BC5 /* CitySearch */ = {
			isa = PBXGroup;
			children = (
				3FE800EB29ACAB7A00598BC5 /* CitySearchViewController.swift */,
				3FE800ED29ACABF500598BC5 /* DefaultCitySearchNavigator.swift */,
			);
			path = CitySearch;
			sourceTree = "<group>";
		};
		6B04C1E58D85A20A3829570B /* Frameworks */ = {
			isa = PBXGroup;
			children = (
				499C5835FC1E46010C7478E4 /* Pods_CitySearch.framework */,
				B0A4AE70571C2E6F06E3BD34 /* Pods_CitySearch_CitySearchUITests.framework */,
				223AB47FB113B1EF714149FC /* Pods_CitySearchTests.framework */,
			);
			name = Frameworks;
			sourceTree = "<group>";
		};
		F611F009D9AA8670D15D1D9B /* Pods */ = {
			isa = PBXGroup;
			children = (
				8C9A0FC04198F8D2509CC26E /* Pods-CitySearch.debug.xcconfig */,
				B3E0D8EE7D9B9BA6315F581D /* Pods-CitySearch.release.xcconfig */,
				B4DC6CF31BF1EA46E9ECB44F /* Pods-CitySearch-CitySearchUITests.debug.xcconfig */,
				1E274BA7031D496FC7D9B339 /* Pods-CitySearch-CitySearchUITests.release.xcconfig */,
				0974848ADD39782C966603C6 /* Pods-CitySearchTests.debug.xcconfig */,
				AC1480FEADE0981EB6E65313 /* Pods-CitySearchTests.release.xcconfig */,
			);
			path = Pods;
			sourceTree = "<group>";
		};
/* End PBXGroup section */

/* Begin PBXNativeTarget section */
		3FE800B129AC7FE100598BC5 /* CitySearch */ = {
			isa = PBXNativeTarget;
			buildConfigurationList = 3FE800DC29AC7FE300598BC5 /* Build configuration list for PBXNativeTarget "CitySearch" */;
			buildPhases = (
				4422EB33D555307D791CC341 /* [CP] Check Pods Manifest.lock */,
				3FE800AE29AC7FE100598BC5 /* Sources */,
				3FE800AF29AC7FE100598BC5 /* Frameworks */,
				3FE800B029AC7FE100598BC5 /* Resources */,
				2C6FB180ADE576747BF51704 /* [CP] Embed Pods Frameworks */,
			);
			buildRules = (
			);
			dependencies = (
			);
			name = CitySearch;
			productName = CitySearch;
			productReference = 3FE800B229AC7FE100598BC5 /* CitySearch.app */;
			productType = "com.apple.product-type.application";
		};
		3FE800C729AC7FE300598BC5 /* CitySearchTests */ = {
			isa = PBXNativeTarget;
			buildConfigurationList = 3FE800DF29AC7FE300598BC5 /* Build configuration list for PBXNativeTarget "CitySearchTests" */;
			buildPhases = (
				C5E86072C792D7AF844D93D2 /* [CP] Check Pods Manifest.lock */,
				3FE800C429AC7FE300598BC5 /* Sources */,
				3FE800C529AC7FE300598BC5 /* Frameworks */,
				3FE800C629AC7FE300598BC5 /* Resources */,
				B07F371BFD8C1DF84F634863 /* [CP] Embed Pods Frameworks */,
			);
			buildRules = (
			);
			dependencies = (
				3FE800CA29AC7FE300598BC5 /* PBXTargetDependency */,
			);
			name = CitySearchTests;
			productName = CitySearchTests;
			productReference = 3FE800C829AC7FE300598BC5 /* CitySearchTests.xctest */;
			productType = "com.apple.product-type.bundle.unit-test";
		};
		3FE800D129AC7FE300598BC5 /* CitySearchUITests */ = {
			isa = PBXNativeTarget;
			buildConfigurationList = 3FE800E229AC7FE300598BC5 /* Build configuration list for PBXNativeTarget "CitySearchUITests" */;
			buildPhases = (
				4169159471A1C6D683DD7383 /* [CP] Check Pods Manifest.lock */,
				3FE800CE29AC7FE300598BC5 /* Sources */,
				3FE800CF29AC7FE300598BC5 /* Frameworks */,
				3FE800D029AC7FE300598BC5 /* Resources */,
				11E18B40E3C8E855356A17A7 /* [CP] Embed Pods Frameworks */,
			);
			buildRules = (
			);
			dependencies = (
				3FE800D429AC7FE300598BC5 /* PBXTargetDependency */,
			);
			name = CitySearchUITests;
			productName = CitySearchUITests;
			productReference = 3FE800D229AC7FE300598BC5 /* CitySearchUITests.xctest */;
			productType = "com.apple.product-type.bundle.ui-testing";
		};
/* End PBXNativeTarget section */

/* Begin PBXProject section */
		3FE800AA29AC7FE100598BC5 /* Project object */ = {
			isa = PBXProject;
			attributes = {
				BuildIndependentTargetsInParallel = 1;
				LastSwiftUpdateCheck = 1420;
				LastUpgradeCheck = 1420;
				TargetAttributes = {
					3FE800B129AC7FE100598BC5 = {
						CreatedOnToolsVersion = 14.2;
					};
					3FE800C729AC7FE300598BC5 = {
						CreatedOnToolsVersion = 14.2;
						TestTargetID = 3FE800B129AC7FE100598BC5;
					};
					3FE800D129AC7FE300598BC5 = {
						CreatedOnToolsVersion = 14.2;
						TestTargetID = 3FE800B129AC7FE100598BC5;
					};
				};
			};
			buildConfigurationList = 3FE800AD29AC7FE100598BC5 /* Build configuration list for PBXProject "CitySearch" */;
			compatibilityVersion = "Xcode 14.0";
			developmentRegion = en;
			hasScannedForEncodings = 0;
			knownRegions = (
				en,
				Base,
			);
			mainGroup = 3FE800A929AC7FE100598BC5;
			productRefGroup = 3FE800B329AC7FE100598BC5 /* Products */;
			projectDirPath = "";
			projectRoot = "";
			targets = (
				3FE800B129AC7FE100598BC5 /* CitySearch */,
				3FE800C729AC7FE300598BC5 /* CitySearchTests */,
				3FE800D129AC7FE300598BC5 /* CitySearchUITests */,
			);
		};
/* End PBXProject section */

/* Begin PBXResourcesBuildPhase section */
		3FE800B029AC7FE100598BC5 /* Resources */ = {
			isa = PBXResourcesBuildPhase;
			buildActionMask = 2147483647;
			files = (
				3FE800C229AC7FE200598BC5 /* LaunchScreen.storyboard in Resources */,
				3FE800BF29AC7FE200598BC5 /* Assets.xcassets in Resources */,
				3FE800BD29AC7FE100598BC5 /* Main.storyboard in Resources */,
			);
			runOnlyForDeploymentPostprocessing = 0;
		};
		3FE800C629AC7FE300598BC5 /* Resources */ = {
			isa = PBXResourcesBuildPhase;
			buildActionMask = 2147483647;
			files = (
			);
			runOnlyForDeploymentPostprocessing = 0;
		};
		3FE800D029AC7FE300598BC5 /* Resources */ = {
			isa = PBXResourcesBuildPhase;
			buildActionMask = 2147483647;
			files = (
			);
			runOnlyForDeploymentPostprocessing = 0;
		};
/* End PBXResourcesBuildPhase section */

/* Begin PBXShellScriptBuildPhase section */
		11E18B40E3C8E855356A17A7 /* [CP] Embed Pods Frameworks */ = {
			isa = PBXShellScriptBuildPhase;
			buildActionMask = 2147483647;
			files = (
			);
			inputFileListPaths = (
				"${PODS_ROOT}/Target Support Files/Pods-CitySearch-CitySearchUITests/Pods-CitySearch-CitySearchUITests-frameworks-${CONFIGURATION}-input-files.xcfilelist",
			);
			name = "[CP] Embed Pods Frameworks";
			outputFileListPaths = (
				"${PODS_ROOT}/Target Support Files/Pods-CitySearch-CitySearchUITests/Pods-CitySearch-CitySearchUITests-frameworks-${CONFIGURATION}-output-files.xcfilelist",
			);
			runOnlyForDeploymentPostprocessing = 0;
			shellPath = /bin/sh;
			shellScript = "\"${PODS_ROOT}/Target Support Files/Pods-CitySearch-CitySearchUITests/Pods-CitySearch-CitySearchUITests-frameworks.sh\"\n";
			showEnvVarsInLog = 0;
		};
		2C6FB180ADE576747BF51704 /* [CP] Embed Pods Frameworks */ = {
			isa = PBXShellScriptBuildPhase;
			buildActionMask = 2147483647;
			files = (
			);
			inputFileListPaths = (
				"${PODS_ROOT}/Target Support Files/Pods-CitySearch/Pods-CitySearch-frameworks-${CONFIGURATION}-input-files.xcfilelist",
			);
			name = "[CP] Embed Pods Frameworks";
			outputFileListPaths = (
				"${PODS_ROOT}/Target Support Files/Pods-CitySearch/Pods-CitySearch-frameworks-${CONFIGURATION}-output-files.xcfilelist",
			);
			runOnlyForDeploymentPostprocessing = 0;
			shellPath = /bin/sh;
			shellScript = "\"${PODS_ROOT}/Target Support Files/Pods-CitySearch/Pods-CitySearch-frameworks.sh\"\n";
			showEnvVarsInLog = 0;
		};
		4169159471A1C6D683DD7383 /* [CP] Check Pods Manifest.lock */ = {
			isa = PBXShellScriptBuildPhase;
			buildActionMask = 2147483647;
			files = (
			);
			inputFileListPaths = (
			);
			inputPaths = (
				"${PODS_PODFILE_DIR_PATH}/Podfile.lock",
				"${PODS_ROOT}/Manifest.lock",
			);
			name = "[CP] Check Pods Manifest.lock";
			outputFileListPaths = (
			);
			outputPaths = (
				"$(DERIVED_FILE_DIR)/Pods-CitySearch-CitySearchUITests-checkManifestLockResult.txt",
			);
			runOnlyForDeploymentPostprocessing = 0;
			shellPath = /bin/sh;
			shellScript = "diff \"${PODS_PODFILE_DIR_PATH}/Podfile.lock\" \"${PODS_ROOT}/Manifest.lock\" > /dev/null\nif [ $? != 0 ] ; then\n    # print error to STDERR\n    echo \"error: The sandbox is not in sync with the Podfile.lock. Run 'pod install' or update your CocoaPods installation.\" >&2\n    exit 1\nfi\n# This output is used by Xcode 'outputs' to avoid re-running this script phase.\necho \"SUCCESS\" > \"${SCRIPT_OUTPUT_FILE_0}\"\n";
			showEnvVarsInLog = 0;
		};
		4422EB33D555307D791CC341 /* [CP] Check Pods Manifest.lock */ = {
			isa = PBXShellScriptBuildPhase;
			buildActionMask = 2147483647;
			files = (
			);
			inputFileListPaths = (
			);
			inputPaths = (
				"${PODS_PODFILE_DIR_PATH}/Podfile.lock",
				"${PODS_ROOT}/Manifest.lock",
			);
			name = "[CP] Check Pods Manifest.lock";
			outputFileListPaths = (
			);
			outputPaths = (
				"$(DERIVED_FILE_DIR)/Pods-CitySearch-checkManifestLockResult.txt",
			);
			runOnlyForDeploymentPostprocessing = 0;
			shellPath = /bin/sh;
			shellScript = "diff \"${PODS_PODFILE_DIR_PATH}/Podfile.lock\" \"${PODS_ROOT}/Manifest.lock\" > /dev/null\nif [ $? != 0 ] ; then\n    # print error to STDERR\n    echo \"error: The sandbox is not in sync with the Podfile.lock. Run 'pod install' or update your CocoaPods installation.\" >&2\n    exit 1\nfi\n# This output is used by Xcode 'outputs' to avoid re-running this script phase.\necho \"SUCCESS\" > \"${SCRIPT_OUTPUT_FILE_0}\"\n";
			showEnvVarsInLog = 0;
		};
		B07F371BFD8C1DF84F634863 /* [CP] Embed Pods Frameworks */ = {
			isa = PBXShellScriptBuildPhase;
			buildActionMask = 2147483647;
			files = (
			);
			inputFileListPaths = (
				"${PODS_ROOT}/Target Support Files/Pods-CitySearchTests/Pods-CitySearchTests-frameworks-${CONFIGURATION}-input-files.xcfilelist",
			);
			name = "[CP] Embed Pods Frameworks";
			outputFileListPaths = (
				"${PODS_ROOT}/Target Support Files/Pods-CitySearchTests/Pods-CitySearchTests-frameworks-${CONFIGURATION}-output-files.xcfilelist",
			);
			runOnlyForDeploymentPostprocessing = 0;
			shellPath = /bin/sh;
			shellScript = "\"${PODS_ROOT}/Target Support Files/Pods-CitySearchTests/Pods-CitySearchTests-frameworks.sh\"\n";
			showEnvVarsInLog = 0;
		};
		C5E86072C792D7AF844D93D2 /* [CP] Check Pods Manifest.lock */ = {
			isa = PBXShellScriptBuildPhase;
			buildActionMask = 2147483647;
			files = (
			);
			inputFileListPaths = (
			);
			inputPaths = (
				"${PODS_PODFILE_DIR_PATH}/Podfile.lock",
				"${PODS_ROOT}/Manifest.lock",
			);
			name = "[CP] Check Pods Manifest.lock";
			outputFileListPaths = (
			);
			outputPaths = (
				"$(DERIVED_FILE_DIR)/Pods-CitySearchTests-checkManifestLockResult.txt",
			);
			runOnlyForDeploymentPostprocessing = 0;
			shellPath = /bin/sh;
			shellScript = "diff \"${PODS_PODFILE_DIR_PATH}/Podfile.lock\" \"${PODS_ROOT}/Manifest.lock\" > /dev/null\nif [ $? != 0 ] ; then\n    # print error to STDERR\n    echo \"error: The sandbox is not in sync with the Podfile.lock. Run 'pod install' or update your CocoaPods installation.\" >&2\n    exit 1\nfi\n# This output is used by Xcode 'outputs' to avoid re-running this script phase.\necho \"SUCCESS\" > \"${SCRIPT_OUTPUT_FILE_0}\"\n";
			showEnvVarsInLog = 0;
		};
/* End PBXShellScriptBuildPhase section */

/* Begin PBXSourcesBuildPhase section */
		3FE800AE29AC7FE100598BC5 /* Sources */ = {
			isa = PBXSourcesBuildPhase;
			buildActionMask = 2147483647;
			files = (
				3FE800E829ACAA6B00598BC5 /* Application.swift in Sources */,
				3FE800EE29ACABF500598BC5 /* DefaultCitySearchNavigator.swift in Sources */,
				3FE800EC29ACAB7A00598BC5 /* CitySearchViewController.swift in Sources */,
				3FE800B629AC7FE100598BC5 /* AppDelegate.swift in Sources */,
				3FE800B829AC7FE100598BC5 /* SceneDelegate.swift in Sources */,
				3FE800F029ACACE800598BC5 /* Reusable.swift in Sources */,
			);
			runOnlyForDeploymentPostprocessing = 0;
		};
		3FE800C429AC7FE300598BC5 /* Sources */ = {
			isa = PBXSourcesBuildPhase;
			buildActionMask = 2147483647;
			files = (
				3FE800CD29AC7FE300598BC5 /* CitySearchTests.swift in Sources */,
			);
			runOnlyForDeploymentPostprocessing = 0;
		};
		3FE800CE29AC7FE300598BC5 /* Sources */ = {
			isa = PBXSourcesBuildPhase;
			buildActionMask = 2147483647;
			files = (
				3FE800D729AC7FE300598BC5 /* CitySearchUITests.swift in Sources */,
				3FE800D929AC7FE300598BC5 /* CitySearchUITestsLaunchTests.swift in Sources */,
			);
			runOnlyForDeploymentPostprocessing = 0;
		};
/* End PBXSourcesBuildPhase section */

/* Begin PBXTargetDependency section */
		3FE800CA29AC7FE300598BC5 /* PBXTargetDependency */ = {
			isa = PBXTargetDependency;
			target = 3FE800B129AC7FE100598BC5 /* CitySearch */;
			targetProxy = 3FE800C929AC7FE300598BC5 /* PBXContainerItemProxy */;
		};
		3FE800D429AC7FE300598BC5 /* PBXTargetDependency */ = {
			isa = PBXTargetDependency;
			target = 3FE800B129AC7FE100598BC5 /* CitySearch */;
			targetProxy = 3FE800D329AC7FE300598BC5 /* PBXContainerItemProxy */;
		};
/* End PBXTargetDependency section */

/* Begin PBXVariantGroup section */
		3FE800BB29AC7FE100598BC5 /* Main.storyboard */ = {
			isa = PBXVariantGroup;
			children = (
				3FE800BC29AC7FE100598BC5 /* Base */,
			);
			name = Main.storyboard;
			sourceTree = "<group>";
		};
		3FE800C029AC7FE200598BC5 /* LaunchScreen.storyboard */ = {
			isa = PBXVariantGroup;
			children = (
				3FE800C129AC7FE200598BC5 /* Base */,
			);
			name = LaunchScreen.storyboard;
			sourceTree = "<group>";
		};
/* End PBXVariantGroup section */

/* Begin XCBuildConfiguration section */
		3FE800DA29AC7FE300598BC5 /* Debug */ = {
			isa = XCBuildConfiguration;
			buildSettings = {
				ALWAYS_SEARCH_USER_PATHS = NO;
				CLANG_ANALYZER_NONNULL = YES;
				CLANG_ANALYZER_NUMBER_OBJECT_CONVERSION = YES_AGGRESSIVE;
				CLANG_CXX_LANGUAGE_STANDARD = "gnu++20";
				CLANG_ENABLE_MODULES = YES;
				CLANG_ENABLE_OBJC_ARC = YES;
				CLANG_ENABLE_OBJC_WEAK = YES;
				CLANG_WARN_BLOCK_CAPTURE_AUTORELEASING = YES;
				CLANG_WARN_BOOL_CONVERSION = YES;
				CLANG_WARN_COMMA = YES;
				CLANG_WARN_CONSTANT_CONVERSION = YES;
				CLANG_WARN_DEPRECATED_OBJC_IMPLEMENTATIONS = YES;
				CLANG_WARN_DIRECT_OBJC_ISA_USAGE = YES_ERROR;
				CLANG_WARN_DOCUMENTATION_COMMENTS = YES;
				CLANG_WARN_EMPTY_BODY = YES;
				CLANG_WARN_ENUM_CONVERSION = YES;
				CLANG_WARN_INFINITE_RECURSION = YES;
				CLANG_WARN_INT_CONVERSION = YES;
				CLANG_WARN_NON_LITERAL_NULL_CONVERSION = YES;
				CLANG_WARN_OBJC_IMPLICIT_RETAIN_SELF = YES;
				CLANG_WARN_OBJC_LITERAL_CONVERSION = YES;
				CLANG_WARN_OBJC_ROOT_CLASS = YES_ERROR;
				CLANG_WARN_QUOTED_INCLUDE_IN_FRAMEWORK_HEADER = YES;
				CLANG_WARN_RANGE_LOOP_ANALYSIS = YES;
				CLANG_WARN_STRICT_PROTOTYPES = YES;
				CLANG_WARN_SUSPICIOUS_MOVE = YES;
				CLANG_WARN_UNGUARDED_AVAILABILITY = YES_AGGRESSIVE;
				CLANG_WARN_UNREACHABLE_CODE = YES;
				CLANG_WARN__DUPLICATE_METHOD_MATCH = YES;
				COPY_PHASE_STRIP = NO;
				DEBUG_INFORMATION_FORMAT = dwarf;
				ENABLE_STRICT_OBJC_MSGSEND = YES;
				ENABLE_TESTABILITY = YES;
				GCC_C_LANGUAGE_STANDARD = gnu11;
				GCC_DYNAMIC_NO_PIC = NO;
				GCC_NO_COMMON_BLOCKS = YES;
				GCC_OPTIMIZATION_LEVEL = 0;
				GCC_PREPROCESSOR_DEFINITIONS = (
					"DEBUG=1",
					"$(inherited)",
				);
				GCC_WARN_64_TO_32_BIT_CONVERSION = YES;
				GCC_WARN_ABOUT_RETURN_TYPE = YES_ERROR;
				GCC_WARN_UNDECLARED_SELECTOR = YES;
				GCC_WARN_UNINITIALIZED_AUTOS = YES_AGGRESSIVE;
				GCC_WARN_UNUSED_FUNCTION = YES;
				GCC_WARN_UNUSED_VARIABLE = YES;
				IPHONEOS_DEPLOYMENT_TARGET = 16.2;
				MTL_ENABLE_DEBUG_INFO = INCLUDE_SOURCE;
				MTL_FAST_MATH = YES;
				ONLY_ACTIVE_ARCH = YES;
				SDKROOT = iphoneos;
				SWIFT_ACTIVE_COMPILATION_CONDITIONS = DEBUG;
				SWIFT_OPTIMIZATION_LEVEL = "-Onone";
			};
			name = Debug;
		};
		3FE800DB29AC7FE300598BC5 /* Release */ = {
			isa = XCBuildConfiguration;
			buildSettings = {
				ALWAYS_SEARCH_USER_PATHS = NO;
				CLANG_ANALYZER_NONNULL = YES;
				CLANG_ANALYZER_NUMBER_OBJECT_CONVERSION = YES_AGGRESSIVE;
				CLANG_CXX_LANGUAGE_STANDARD = "gnu++20";
				CLANG_ENABLE_MODULES = YES;
				CLANG_ENABLE_OBJC_ARC = YES;
				CLANG_ENABLE_OBJC_WEAK = YES;
				CLANG_WARN_BLOCK_CAPTURE_AUTORELEASING = YES;
				CLANG_WARN_BOOL_CONVERSION = YES;
				CLANG_WARN_COMMA = YES;
				CLANG_WARN_CONSTANT_CONVERSION = YES;
				CLANG_WARN_DEPRECATED_OBJC_IMPLEMENTATIONS = YES;
				CLANG_WARN_DIRECT_OBJC_ISA_USAGE = YES_ERROR;
				CLANG_WARN_DOCUMENTATION_COMMENTS = YES;
				CLANG_WARN_EMPTY_BODY = YES;
				CLANG_WARN_ENUM_CONVERSION = YES;
				CLANG_WARN_INFINITE_RECURSION = YES;
				CLANG_WARN_INT_CONVERSION = YES;
				CLANG_WARN_NON_LITERAL_NULL_CONVERSION = YES;
				CLANG_WARN_OBJC_IMPLICIT_RETAIN_SELF = YES;
				CLANG_WARN_OBJC_LITERAL_CONVERSION = YES;
				CLANG_WARN_OBJC_ROOT_CLASS = YES_ERROR;
				CLANG_WARN_QUOTED_INCLUDE_IN_FRAMEWORK_HEADER = YES;
				CLANG_WARN_RANGE_LOOP_ANALYSIS = YES;
				CLANG_WARN_STRICT_PROTOTYPES = YES;
				CLANG_WARN_SUSPICIOUS_MOVE = YES;
				CLANG_WARN_UNGUARDED_AVAILABILITY = YES_AGGRESSIVE;
				CLANG_WARN_UNREACHABLE_CODE = YES;
				CLANG_WARN__DUPLICATE_METHOD_MATCH = YES;
				COPY_PHASE_STRIP = NO;
				DEBUG_INFORMATION_FORMAT = "dwarf-with-dsym";
				ENABLE_NS_ASSERTIONS = NO;
				ENABLE_STRICT_OBJC_MSGSEND = YES;
				GCC_C_LANGUAGE_STANDARD = gnu11;
				GCC_NO_COMMON_BLOCKS = YES;
				GCC_WARN_64_TO_32_BIT_CONVERSION = YES;
				GCC_WARN_ABOUT_RETURN_TYPE = YES_ERROR;
				GCC_WARN_UNDECLARED_SELECTOR = YES;
				GCC_WARN_UNINITIALIZED_AUTOS = YES_AGGRESSIVE;
				GCC_WARN_UNUSED_FUNCTION = YES;
				GCC_WARN_UNUSED_VARIABLE = YES;
				IPHONEOS_DEPLOYMENT_TARGET = 16.2;
				MTL_ENABLE_DEBUG_INFO = NO;
				MTL_FAST_MATH = YES;
				SDKROOT = iphoneos;
				SWIFT_COMPILATION_MODE = wholemodule;
				SWIFT_OPTIMIZATION_LEVEL = "-O";
				VALIDATE_PRODUCT = YES;
			};
			name = Release;
		};
		3FE800DD29AC7FE300598BC5 /* Debug */ = {
			isa = XCBuildConfiguration;
			baseConfigurationReference = 8C9A0FC04198F8D2509CC26E /* Pods-CitySearch.debug.xcconfig */;
			buildSettings = {
				ASSETCATALOG_COMPILER_APPICON_NAME = AppIcon;
				ASSETCATALOG_COMPILER_GLOBAL_ACCENT_COLOR_NAME = AccentColor;
				CODE_SIGN_STYLE = Automatic;
				CURRENT_PROJECT_VERSION = 1;
				GENERATE_INFOPLIST_FILE = YES;
				INFOPLIST_FILE = CitySearch/Info.plist;
				INFOPLIST_KEY_UIApplicationSupportsIndirectInputEvents = YES;
				INFOPLIST_KEY_UILaunchStoryboardName = "";
				INFOPLIST_KEY_UISupportedInterfaceOrientations_iPad = "UIInterfaceOrientationPortrait UIInterfaceOrientationPortraitUpsideDown UIInterfaceOrientationLandscapeLeft UIInterfaceOrientationLandscapeRight";
				INFOPLIST_KEY_UISupportedInterfaceOrientations_iPhone = "UIInterfaceOrientationPortrait UIInterfaceOrientationLandscapeLeft UIInterfaceOrientationLandscapeRight";
				IPHONEOS_DEPLOYMENT_TARGET = 14.0;
				LD_RUNPATH_SEARCH_PATHS = (
					"$(inherited)",
					"@executable_path/Frameworks",
				);
				MARKETING_VERSION = 1.0;
				PRODUCT_BUNDLE_IDENTIFIER = com.willbkk.CitySearch;
				PRODUCT_NAME = "$(TARGET_NAME)";
				SWIFT_EMIT_LOC_STRINGS = YES;
				SWIFT_VERSION = 5.0;
				TARGETED_DEVICE_FAMILY = "1,2";
			};
			name = Debug;
		};
		3FE800DE29AC7FE300598BC5 /* Release */ = {
			isa = XCBuildConfiguration;
			baseConfigurationReference = B3E0D8EE7D9B9BA6315F581D /* Pods-CitySearch.release.xcconfig */;
			buildSettings = {
				ASSETCATALOG_COMPILER_APPICON_NAME = AppIcon;
				ASSETCATALOG_COMPILER_GLOBAL_ACCENT_COLOR_NAME = AccentColor;
				CODE_SIGN_STYLE = Automatic;
				CURRENT_PROJECT_VERSION = 1;
				GENERATE_INFOPLIST_FILE = YES;
				INFOPLIST_FILE = CitySearch/Info.plist;
				INFOPLIST_KEY_UIApplicationSupportsIndirectInputEvents = YES;
				INFOPLIST_KEY_UILaunchStoryboardName = "";
				INFOPLIST_KEY_UISupportedInterfaceOrientations_iPad = "UIInterfaceOrientationPortrait UIInterfaceOrientationPortraitUpsideDown UIInterfaceOrientationLandscapeLeft UIInterfaceOrientationLandscapeRight";
				INFOPLIST_KEY_UISupportedInterfaceOrientations_iPhone = "UIInterfaceOrientationPortrait UIInterfaceOrientationLandscapeLeft UIInterfaceOrientationLandscapeRight";
				IPHONEOS_DEPLOYMENT_TARGET = 14.0;
				LD_RUNPATH_SEARCH_PATHS = (
					"$(inherited)",
					"@executable_path/Frameworks",
				);
				MARKETING_VERSION = 1.0;
				PRODUCT_BUNDLE_IDENTIFIER = com.willbkk.CitySearch;
				PRODUCT_NAME = "$(TARGET_NAME)";
				SWIFT_EMIT_LOC_STRINGS = YES;
				SWIFT_VERSION = 5.0;
				TARGETED_DEVICE_FAMILY = "1,2";
			};
			name = Release;
		};
		3FE800E029AC7FE300598BC5 /* Debug */ = {
			isa = XCBuildConfiguration;
			baseConfigurationReference = 0974848ADD39782C966603C6 /* Pods-CitySearchTests.debug.xcconfig */;
			buildSettings = {
				ALWAYS_EMBED_SWIFT_STANDARD_LIBRARIES = YES;
				BUNDLE_LOADER = "$(TEST_HOST)";
				CODE_SIGN_STYLE = Automatic;
				CURRENT_PROJECT_VERSION = 1;
				GENERATE_INFOPLIST_FILE = YES;
				IPHONEOS_DEPLOYMENT_TARGET = 16.2;
				MARKETING_VERSION = 1.0;
				PRODUCT_BUNDLE_IDENTIFIER = com.willbkk.CitySearchTests;
				PRODUCT_NAME = "$(TARGET_NAME)";
				SWIFT_EMIT_LOC_STRINGS = NO;
				SWIFT_VERSION = 5.0;
				TARGETED_DEVICE_FAMILY = "1,2";
				TEST_HOST = "$(BUILT_PRODUCTS_DIR)/CitySearch.app/$(BUNDLE_EXECUTABLE_FOLDER_PATH)/CitySearch";
			};
			name = Debug;
		};
		3FE800E129AC7FE300598BC5 /* Release */ = {
			isa = XCBuildConfiguration;
			baseConfigurationReference = AC1480FEADE0981EB6E65313 /* Pods-CitySearchTests.release.xcconfig */;
			buildSettings = {
				ALWAYS_EMBED_SWIFT_STANDARD_LIBRARIES = YES;
				BUNDLE_LOADER = "$(TEST_HOST)";
				CODE_SIGN_STYLE = Automatic;
				CURRENT_PROJECT_VERSION = 1;
				GENERATE_INFOPLIST_FILE = YES;
				IPHONEOS_DEPLOYMENT_TARGET = 16.2;
				MARKETING_VERSION = 1.0;
				PRODUCT_BUNDLE_IDENTIFIER = com.willbkk.CitySearchTests;
				PRODUCT_NAME = "$(TARGET_NAME)";
				SWIFT_EMIT_LOC_STRINGS = NO;
				SWIFT_VERSION = 5.0;
				TARGETED_DEVICE_FAMILY = "1,2";
				TEST_HOST = "$(BUILT_PRODUCTS_DIR)/CitySearch.app/$(BUNDLE_EXECUTABLE_FOLDER_PATH)/CitySearch";
			};
			name = Release;
		};
		3FE800E329AC7FE300598BC5 /* Debug */ = {
			isa = XCBuildConfiguration;
			baseConfigurationReference = B4DC6CF31BF1EA46E9ECB44F /* Pods-CitySearch-CitySearchUITests.debug.xcconfig */;
			buildSettings = {
				ALWAYS_EMBED_SWIFT_STANDARD_LIBRARIES = YES;
				CODE_SIGN_STYLE = Automatic;
				CURRENT_PROJECT_VERSION = 1;
				GENERATE_INFOPLIST_FILE = YES;
				MARKETING_VERSION = 1.0;
				PRODUCT_BUNDLE_IDENTIFIER = com.willbkk.CitySearchUITests;
				PRODUCT_NAME = "$(TARGET_NAME)";
				SWIFT_EMIT_LOC_STRINGS = NO;
				SWIFT_VERSION = 5.0;
				TARGETED_DEVICE_FAMILY = "1,2";
				TEST_TARGET_NAME = CitySearch;
			};
			name = Debug;
		};
		3FE800E429AC7FE300598BC5 /* Release */ = {
			isa = XCBuildConfiguration;
			baseConfigurationReference = 1E274BA7031D496FC7D9B339 /* Pods-CitySearch-CitySearchUITests.release.xcconfig */;
			buildSettings = {
				ALWAYS_EMBED_SWIFT_STANDARD_LIBRARIES = YES;
				CODE_SIGN_STYLE = Automatic;
				CURRENT_PROJECT_VERSION = 1;
				GENERATE_INFOPLIST_FILE = YES;
				MARKETING_VERSION = 1.0;
				PRODUCT_BUNDLE_IDENTIFIER = com.willbkk.CitySearchUITests;
				PRODUCT_NAME = "$(TARGET_NAME)";
				SWIFT_EMIT_LOC_STRINGS = NO;
				SWIFT_VERSION = 5.0;
				TARGETED_DEVICE_FAMILY = "1,2";
				TEST_TARGET_NAME = CitySearch;
			};
			name = Release;
		};
/* End XCBuildConfiguration section */

/* Begin XCConfigurationList section */
		3FE800AD29AC7FE100598BC5 /* Build configuration list for PBXProject "CitySearch" */ = {
			isa = XCConfigurationList;
			buildConfigurations = (
				3FE800DA29AC7FE300598BC5 /* Debug */,
				3FE800DB29AC7FE300598BC5 /* Release */,
			);
			defaultConfigurationIsVisible = 0;
			defaultConfigurationName = Release;
		};
		3FE800DC29AC7FE300598BC5 /* Build configuration list for PBXNativeTarget "CitySearch" */ = {
			isa = XCConfigurationList;
			buildConfigurations = (
				3FE800DD29AC7FE300598BC5 /* Debug */,
				3FE800DE29AC7FE300598BC5 /* Release */,
			);
			defaultConfigurationIsVisible = 0;
			defaultConfigurationName = Release;
		};
		3FE800DF29AC7FE300598BC5 /* Build configuration list for PBXNativeTarget "CitySearchTests" */ = {
			isa = XCConfigurationList;
			buildConfigurations = (
				3FE800E029AC7FE300598BC5 /* Debug */,
				3FE800E129AC7FE300598BC5 /* Release */,
			);
			defaultConfigurationIsVisible = 0;
			defaultConfigurationName = Release;
		};
		3FE800E229AC7FE300598BC5 /* Build configuration list for PBXNativeTarget "CitySearchUITests" */ = {
			isa = XCConfigurationList;
			buildConfigurations = (
				3FE800E329AC7FE300598BC5 /* Debug */,
				3FE800E429AC7FE300598BC5 /* Release */,
			);
			defaultConfigurationIsVisible = 0;
			defaultConfigurationName = Release;
		};
/* End XCConfigurationList section */
	};
	rootObject = 3FE800AA29AC7FE100598BC5 /* Project object */;
}
