// !$*UTF8*$!
{
	archiveVersion = 1;
	classes = {
	};
	objectVersion = 56;
	objects = {

/* Begin PBXBuildFile section */
		2D3E300A23A8CFFF3F8E417C /* Pods_NetworkPlatform.framework in Frameworks */ = {isa = PBXBuildFile; fileRef = DF575FF03900C74A90DCCC62 /* Pods_NetworkPlatform.framework */; };
		3FDE2EF629AE0A9100B2DA0B /* Domain.h in Headers */ = {isa = PBXBuildFile; fileRef = 3FDE2EF529AE0A9100B2DA0B /* Domain.h */; settings = {ATTRIBUTES = (Public, ); }; };
		3FDE2EF929AE0A9100B2DA0B /* Domain.framework in Frameworks */ = {isa = PBXBuildFile; fileRef = 3FDE2EF329AE0A9100B2DA0B /* Domain.framework */; };
		3FDE2EFA29AE0A9100B2DA0B /* Domain.framework in Embed Frameworks */ = {isa = PBXBuildFile; fileRef = 3FDE2EF329AE0A9100B2DA0B /* Domain.framework */; settings = {ATTRIBUTES = (CodeSignOnCopy, RemoveHeadersOnCopy, ); }; };
		3FDE2F0129AE0AF600B2DA0B /* cities.json in Resources */ = {isa = PBXBuildFile; fileRef = 3FDE2F0029AE0AF600B2DA0B /* cities.json */; };
		3FDE2F0429AE0B9100B2DA0B /* Cities.swift in Sources */ = {isa = PBXBuildFile; fileRef = 3FDE2F0329AE0B9100B2DA0B /* Cities.swift */; };
		3FDE2F0829AE0D0200B2DA0B /* UseCaseProvider.swift in Sources */ = {isa = PBXBuildFile; fileRef = 3FDE2F0729AE0D0200B2DA0B /* UseCaseProvider.swift */; };
		3FDE2F0A29AE0D2B00B2DA0B /* ListOfCitiesUseCase.swift in Sources */ = {isa = PBXBuildFile; fileRef = 3FDE2F0929AE0D2B00B2DA0B /* ListOfCitiesUseCase.swift */; };
		3FDE2F1329AE109800B2DA0B /* NetworkPlatform.h in Headers */ = {isa = PBXBuildFile; fileRef = 3FDE2F1229AE109800B2DA0B /* NetworkPlatform.h */; settings = {ATTRIBUTES = (Public, ); }; };
		3FDE2F1629AE109800B2DA0B /* NetworkPlatform.framework in Frameworks */ = {isa = PBXBuildFile; fileRef = 3FDE2F1029AE109800B2DA0B /* NetworkPlatform.framework */; };
		3FDE2F1729AE109800B2DA0B /* NetworkPlatform.framework in Embed Frameworks */ = {isa = PBXBuildFile; fileRef = 3FDE2F1029AE109800B2DA0B /* NetworkPlatform.framework */; settings = {ATTRIBUTES = (CodeSignOnCopy, RemoveHeadersOnCopy, ); }; };
		3FDE2F1D29AE10E700B2DA0B /* UseCaseProvider.swift in Sources */ = {isa = PBXBuildFile; fileRef = 3FDE2F1C29AE10E700B2DA0B /* UseCaseProvider.swift */; };
		3FDE2F1F29AE110F00B2DA0B /* ListOfCitiesUseCase.swift in Sources */ = {isa = PBXBuildFile; fileRef = 3FDE2F1E29AE110F00B2DA0B /* ListOfCitiesUseCase.swift */; };
		3FDE2F2229AE114900B2DA0B /* ListOfCitiesNetwork.swift in Sources */ = {isa = PBXBuildFile; fileRef = 3FDE2F2129AE114900B2DA0B /* ListOfCitiesNetwork.swift */; };
		3FDE2F2529AE119E00B2DA0B /* NetworkFromJsonFile.swift in Sources */ = {isa = PBXBuildFile; fileRef = 3FDE2F2429AE119E00B2DA0B /* NetworkFromJsonFile.swift */; };
		3FDE2F2729AE11D300B2DA0B /* NetworkProvider.swift in Sources */ = {isa = PBXBuildFile; fileRef = 3FDE2F2629AE11D300B2DA0B /* NetworkProvider.swift */; };
		3FDE2F2929AE156300B2DA0B /* CitySearchViewModel.swift in Sources */ = {isa = PBXBuildFile; fileRef = 3FDE2F2829AE156300B2DA0B /* CitySearchViewModel.swift */; };
		3FDE2F2B29AE15A300B2DA0B /* CitySearchItemViewModel.swift in Sources */ = {isa = PBXBuildFile; fileRef = 3FDE2F2A29AE15A300B2DA0B /* CitySearchItemViewModel.swift */; };
		3FDE2F2D29AE166500B2DA0B /* Observable+Ext.swift in Sources */ = {isa = PBXBuildFile; fileRef = 3FDE2F2C29AE166500B2DA0B /* Observable+Ext.swift */; };
		3FDE2F2F29AE1F8E00B2DA0B /* CitySearchTableViewCell.swift in Sources */ = {isa = PBXBuildFile; fileRef = 3FDE2F2E29AE1F8E00B2DA0B /* CitySearchTableViewCell.swift */; };
		3FE800B629AC7FE100598BC5 /* AppDelegate.swift in Sources */ = {isa = PBXBuildFile; fileRef = 3FE800B529AC7FE100598BC5 /* AppDelegate.swift */; };
		3FE800B829AC7FE100598BC5 /* SceneDelegate.swift in Sources */ = {isa = PBXBuildFile; fileRef = 3FE800B729AC7FE100598BC5 /* SceneDelegate.swift */; };
		3FE800BD29AC7FE100598BC5 /* Main.storyboard in Resources */ = {isa = PBXBuildFile; fileRef = 3FE800BB29AC7FE100598BC5 /* Main.storyboard */; };
		3FE800BF29AC7FE200598BC5 /* Assets.xcassets in Resources */ = {isa = PBXBuildFile; fileRef = 3FE800BE29AC7FE200598BC5 /* Assets.xcassets */; };
		3FE800C229AC7FE200598BC5 /* LaunchScreen.storyboard in Resources */ = {isa = PBXBuildFile; fileRef = 3FE800C029AC7FE200598BC5 /* LaunchScreen.storyboard */; };
		3FE800CD29AC7FE300598BC5 /* CitySearchTests.swift in Sources */ = {isa = PBXBuildFile; fileRef = 3FE800CC29AC7FE300598BC5 /* CitySearchTests.swift */; };
		3FE800D729AC7FE300598BC5 /* CitySearchUITests.swift in Sources */ = {isa = PBXBuildFile; fileRef = 3FE800D629AC7FE300598BC5 /* CitySearchUITests.swift */; };
		3FE800D929AC7FE300598BC5 /* CitySearchUITestsLaunchTests.swift in Sources */ = {isa = PBXBuildFile; fileRef = 3FE800D829AC7FE300598BC5 /* CitySearchUITestsLaunchTests.swift */; };
		3FE800E829ACAA6B00598BC5 /* Application.swift in Sources */ = {isa = PBXBuildFile; fileRef = 3FE800E729ACAA6B00598BC5 /* Application.swift */; };
		3FE800EC29ACAB7A00598BC5 /* CitySearchViewController.swift in Sources */ = {isa = PBXBuildFile; fileRef = 3FE800EB29ACAB7A00598BC5 /* CitySearchViewController.swift */; };
		3FE800EE29ACABF500598BC5 /* DefaultCitySearchNavigator.swift in Sources */ = {isa = PBXBuildFile; fileRef = 3FE800ED29ACABF500598BC5 /* DefaultCitySearchNavigator.swift */; };
		3FE800F029ACACE800598BC5 /* Reusable.swift in Sources */ = {isa = PBXBuildFile; fileRef = 3FE800EF29ACACE800598BC5 /* Reusable.swift */; };
		61D7BB76C3E244A30AC2803D /* Pods_CitySearch.framework in Frameworks */ = {isa = PBXBuildFile; fileRef = 499C5835FC1E46010C7478E4 /* Pods_CitySearch.framework */; };
		AB103328610D67CB225C0F9F /* Pods_CitySearchTests.framework in Frameworks */ = {isa = PBXBuildFile; fileRef = 223AB47FB113B1EF714149FC /* Pods_CitySearchTests.framework */; };
		AF59AD4513AA8207CF67212D /* Pods_Domain.framework in Frameworks */ = {isa = PBXBuildFile; fileRef = F764C417197A38487D9EB479 /* Pods_Domain.framework */; };
/* End PBXBuildFile section */

/* Begin PBXContainerItemProxy section */
		3FDE2EF729AE0A9100B2DA0B /* PBXContainerItemProxy */ = {
			isa = PBXContainerItemProxy;
			containerPortal = 3FE800AA29AC7FE100598BC5 /* Project object */;
			proxyType = 1;
			remoteGlobalIDString = 3FDE2EF229AE0A9100B2DA0B;
			remoteInfo = Domain;
		};
		3FDE2F1429AE109800B2DA0B /* PBXContainerItemProxy */ = {
			isa = PBXContainerItemProxy;
			containerPortal = 3FE800AA29AC7FE100598BC5 /* Project object */;
			proxyType = 1;
			remoteGlobalIDString = 3FDE2F0F29AE109700B2DA0B;
			remoteInfo = NetworkPlatform;
		};
		3FE800C929AC7FE300598BC5 /* PBXContainerItemProxy */ = {
			isa = PBXContainerItemProxy;
			containerPortal = 3FE800AA29AC7FE100598BC5 /* Project object */;
			proxyType = 1;
			remoteGlobalIDString = 3FE800B129AC7FE100598BC5;
			remoteInfo = CitySearch;
		};
		3FE800D329AC7FE300598BC5 /* PBXContainerItemProxy */ = {
			isa = PBXContainerItemProxy;
			containerPortal = 3FE800AA29AC7FE100598BC5 /* Project object */;
			proxyType = 1;
			remoteGlobalIDString = 3FE800B129AC7FE100598BC5;
			remoteInfo = CitySearch;
		};
/* End PBXContainerItemProxy section */

/* Begin PBXCopyFilesBuildPhase section */
		3FDE2EFB29AE0A9100B2DA0B /* Embed Frameworks */ = {
			isa = PBXCopyFilesBuildPhase;
			buildActionMask = 2147483647;
			dstPath = "";
			dstSubfolderSpec = 10;
			files = (
				3FDE2F1729AE109800B2DA0B /* NetworkPlatform.framework in Embed Frameworks */,
				3FDE2EFA29AE0A9100B2DA0B /* Domain.framework in Embed Frameworks */,
			);
			name = "Embed Frameworks";
			runOnlyForDeploymentPostprocessing = 0;
		};
/* End PBXCopyFilesBuildPhase section */

/* Begin PBXFileReference section */
		0974848ADD39782C966603C6 /* Pods-CitySearchTests.debug.xcconfig */ = {isa = PBXFileReference; includeInIndex = 1; lastKnownFileType = text.xcconfig; name = "Pods-CitySearchTests.debug.xcconfig"; path = "Target Support Files/Pods-CitySearchTests/Pods-CitySearchTests.debug.xcconfig"; sourceTree = "<group>"; };
		223AB47FB113B1EF714149FC /* Pods_CitySearchTests.framework */ = {isa = PBXFileReference; explicitFileType = wrapper.framework; includeInIndex = 0; path = Pods_CitySearchTests.framework; sourceTree = BUILT_PRODUCTS_DIR; };
		3FDE2EF329AE0A9100B2DA0B /* Domain.framework */ = {isa = PBXFileReference; explicitFileType = wrapper.framework; includeInIndex = 0; path = Domain.framework; sourceTree = BUILT_PRODUCTS_DIR; };
		3FDE2EF529AE0A9100B2DA0B /* Domain.h */ = {isa = PBXFileReference; lastKnownFileType = sourcecode.c.h; path = Domain.h; sourceTree = "<group>"; };
		3FDE2F0029AE0AF600B2DA0B /* cities.json */ = {isa = PBXFileReference; lastKnownFileType = text.json; path = cities.json; sourceTree = "<group>"; };
		3FDE2F0329AE0B9100B2DA0B /* Cities.swift */ = {isa = PBXFileReference; lastKnownFileType = sourcecode.swift; path = Cities.swift; sourceTree = "<group>"; };
		3FDE2F0729AE0D0200B2DA0B /* UseCaseProvider.swift */ = {isa = PBXFileReference; lastKnownFileType = sourcecode.swift; path = UseCaseProvider.swift; sourceTree = "<group>"; };
		3FDE2F0929AE0D2B00B2DA0B /* ListOfCitiesUseCase.swift */ = {isa = PBXFileReference; lastKnownFileType = sourcecode.swift; path = ListOfCitiesUseCase.swift; sourceTree = "<group>"; };
		3FDE2F1029AE109800B2DA0B /* NetworkPlatform.framework */ = {isa = PBXFileReference; explicitFileType = wrapper.framework; includeInIndex = 0; path = NetworkPlatform.framework; sourceTree = BUILT_PRODUCTS_DIR; };
		3FDE2F1229AE109800B2DA0B /* NetworkPlatform.h */ = {isa = PBXFileReference; lastKnownFileType = sourcecode.c.h; path = NetworkPlatform.h; sourceTree = "<group>"; };
		3FDE2F1C29AE10E700B2DA0B /* UseCaseProvider.swift */ = {isa = PBXFileReference; lastKnownFileType = sourcecode.swift; path = UseCaseProvider.swift; sourceTree = "<group>"; };
		3FDE2F1E29AE110F00B2DA0B /* ListOfCitiesUseCase.swift */ = {isa = PBXFileReference; lastKnownFileType = sourcecode.swift; path = ListOfCitiesUseCase.swift; sourceTree = "<group>"; };
		3FDE2F2129AE114900B2DA0B /* ListOfCitiesNetwork.swift */ = {isa = PBXFileReference; lastKnownFileType = sourcecode.swift; path = ListOfCitiesNetwork.swift; sourceTree = "<group>"; };
		3FDE2F2429AE119E00B2DA0B /* NetworkFromJsonFile.swift */ = {isa = PBXFileReference; lastKnownFileType = sourcecode.swift; path = NetworkFromJsonFile.swift; sourceTree = "<group>"; };
		3FDE2F2629AE11D300B2DA0B /* NetworkProvider.swift */ = {isa = PBXFileReference; lastKnownFileType = sourcecode.swift; path = NetworkProvider.swift; sourceTree = "<group>"; };
		3FDE2F2829AE156300B2DA0B /* CitySearchViewModel.swift */ = {isa = PBXFileReference; lastKnownFileType = sourcecode.swift; path = CitySearchViewModel.swift; sourceTree = "<group>"; };
		3FDE2F2A29AE15A300B2DA0B /* CitySearchItemViewModel.swift */ = {isa = PBXFileReference; lastKnownFileType = sourcecode.swift; path = CitySearchItemViewModel.swift; sourceTree = "<group>"; };
		3FDE2F2C29AE166500B2DA0B /* Observable+Ext.swift */ = {isa = PBXFileReference; lastKnownFileType = sourcecode.swift; path = "Observable+Ext.swift"; sourceTree = "<group>"; };
		3FDE2F2E29AE1F8E00B2DA0B /* CitySearchTableViewCell.swift */ = {isa = PBXFileReference; lastKnownFileType = sourcecode.swift; path = CitySearchTableViewCell.swift; sourceTree = "<group>"; };
		3FE800B229AC7FE100598BC5 /* CitySearch.app */ = {isa = PBXFileReference; explicitFileType = wrapper.application; includeInIndex = 0; path = CitySearch.app; sourceTree = BUILT_PRODUCTS_DIR; };
		3FE800B529AC7FE100598BC5 /* AppDelegate.swift */ = {isa = PBXFileReference; lastKnownFileType = sourcecode.swift; path = AppDelegate.swift; sourceTree = "<group>"; };
		3FE800B729AC7FE100598BC5 /* SceneDelegate.swift */ = {isa = PBXFileReference; lastKnownFileType = sourcecode.swift; path = SceneDelegate.swift; sourceTree = "<group>"; };
		3FE800BC29AC7FE100598BC5 /* Base */ = {isa = PBXFileReference; lastKnownFileType = file.storyboard; name = Base; path = Base.lproj/Main.storyboard; sourceTree = "<group>"; };
		3FE800BE29AC7FE200598BC5 /* Assets.xcassets */ = {isa = PBXFileReference; lastKnownFileType = folder.assetcatalog; path = Assets.xcassets; sourceTree = "<group>"; };
		3FE800C129AC7FE200598BC5 /* Base */ = {isa = PBXFileReference; lastKnownFileType = file.storyboard; name = Base; path = Base.lproj/LaunchScreen.storyboard; sourceTree = "<group>"; };
		3FE800C329AC7FE200598BC5 /* Info.plist */ = {isa = PBXFileReference; lastKnownFileType = text.plist.xml; path = Info.plist; sourceTree = "<group>"; };
		3FE800C829AC7FE300598BC5 /* CitySearchTests.xctest */ = {isa = PBXFileReference; explicitFileType = wrapper.cfbundle; includeInIndex = 0; path = CitySearchTests.xctest; sourceTree = BUILT_PRODUCTS_DIR; };
		3FE800CC29AC7FE300598BC5 /* CitySearchTests.swift */ = {isa = PBXFileReference; lastKnownFileType = sourcecode.swift; path = CitySearchTests.swift; sourceTree = "<group>"; };
		3FE800D229AC7FE300598BC5 /* CitySearchUITests.xctest */ = {isa = PBXFileReference; explicitFileType = wrapper.cfbundle; includeInIndex = 0; path = CitySearchUITests.xctest; sourceTree = BUILT_PRODUCTS_DIR; };
		3FE800D629AC7FE300598BC5 /* CitySearchUITests.swift */ = {isa = PBXFileReference; lastKnownFileType = sourcecode.swift; path = CitySearchUITests.swift; sourceTree = "<group>"; };
		3FE800D829AC7FE300598BC5 /* CitySearchUITestsLaunchTests.swift */ = {isa = PBXFileReference; lastKnownFileType = sourcecode.swift; path = CitySearchUITestsLaunchTests.swift; sourceTree = "<group>"; };
		3FE800E729ACAA6B00598BC5 /* Application.swift */ = {isa = PBXFileReference; lastKnownFileType = sourcecode.swift; path = Application.swift; sourceTree = "<group>"; };
		3FE800EB29ACAB7A00598BC5 /* CitySearchViewController.swift */ = {isa = PBXFileReference; lastKnownFileType = sourcecode.swift; path = CitySearchViewController.swift; sourceTree = "<group>"; };
		3FE800ED29ACABF500598BC5 /* DefaultCitySearchNavigator.swift */ = {isa = PBXFileReference; lastKnownFileType = sourcecode.swift; path = DefaultCitySearchNavigator.swift; sourceTree = "<group>"; };
		3FE800EF29ACACE800598BC5 /* Reusable.swift */ = {isa = PBXFileReference; lastKnownFileType = sourcecode.swift; path = Reusable.swift; sourceTree = "<group>"; };
		499C5835FC1E46010C7478E4 /* Pods_CitySearch.framework */ = {isa = PBXFileReference; explicitFileType = wrapper.framework; includeInIndex = 0; path = Pods_CitySearch.framework; sourceTree = BUILT_PRODUCTS_DIR; };
		796E6C9A7416BB6C33E7E3BB /* Pods-Domain.release.xcconfig */ = {isa = PBXFileReference; includeInIndex = 1; lastKnownFileType = text.xcconfig; name = "Pods-Domain.release.xcconfig"; path = "Target Support Files/Pods-Domain/Pods-Domain.release.xcconfig"; sourceTree = "<group>"; };
		84C84510717F41A752D61C23 /* Pods-Domain.debug.xcconfig */ = {isa = PBXFileReference; includeInIndex = 1; lastKnownFileType = text.xcconfig; name = "Pods-Domain.debug.xcconfig"; path = "Target Support Files/Pods-Domain/Pods-Domain.debug.xcconfig"; sourceTree = "<group>"; };
		8C9A0FC04198F8D2509CC26E /* Pods-CitySearch.debug.xcconfig */ = {isa = PBXFileReference; includeInIndex = 1; lastKnownFileType = text.xcconfig; name = "Pods-CitySearch.debug.xcconfig"; path = "Target Support Files/Pods-CitySearch/Pods-CitySearch.debug.xcconfig"; sourceTree = "<group>"; };
		AC1480FEADE0981EB6E65313 /* Pods-CitySearchTests.release.xcconfig */ = {isa = PBXFileReference; includeInIndex = 1; lastKnownFileType = text.xcconfig; name = "Pods-CitySearchTests.release.xcconfig"; path = "Target Support Files/Pods-CitySearchTests/Pods-CitySearchTests.release.xcconfig"; sourceTree = "<group>"; };
		B3E0D8EE7D9B9BA6315F581D /* Pods-CitySearch.release.xcconfig */ = {isa = PBXFileReference; includeInIndex = 1; lastKnownFileType = text.xcconfig; name = "Pods-CitySearch.release.xcconfig"; path = "Target Support Files/Pods-CitySearch/Pods-CitySearch.release.xcconfig"; sourceTree = "<group>"; };
		D05E5E4598688460131B40ED /* Pods-NetworkPlatform.release.xcconfig */ = {isa = PBXFileReference; includeInIndex = 1; lastKnownFileType = text.xcconfig; name = "Pods-NetworkPlatform.release.xcconfig"; path = "Target Support Files/Pods-NetworkPlatform/Pods-NetworkPlatform.release.xcconfig"; sourceTree = "<group>"; };
		DF575FF03900C74A90DCCC62 /* Pods_NetworkPlatform.framework */ = {isa = PBXFileReference; explicitFileType = wrapper.framework; includeInIndex = 0; path = Pods_NetworkPlatform.framework; sourceTree = BUILT_PRODUCTS_DIR; };
		F7270B69E7D1538235D7D7B4 /* Pods-NetworkPlatform.debug.xcconfig */ = {isa = PBXFileReference; includeInIndex = 1; lastKnownFileType = text.xcconfig; name = "Pods-NetworkPlatform.debug.xcconfig"; path = "Target Support Files/Pods-NetworkPlatform/Pods-NetworkPlatform.debug.xcconfig"; sourceTree = "<group>"; };
		F764C417197A38487D9EB479 /* Pods_Domain.framework */ = {isa = PBXFileReference; explicitFileType = wrapper.framework; includeInIndex = 0; path = Pods_Domain.framework; sourceTree = BUILT_PRODUCTS_DIR; };
/* End PBXFileReference section */

/* Begin PBXFrameworksBuildPhase section */
		3FDE2EF029AE0A9100B2DA0B /* Frameworks */ = {
			isa = PBXFrameworksBuildPhase;
			buildActionMask = 2147483647;
			files = (
				AF59AD4513AA8207CF67212D /* Pods_Domain.framework in Frameworks */,
			);
			runOnlyForDeploymentPostprocessing = 0;
		};
		3FDE2F0D29AE109700B2DA0B /* Frameworks */ = {
			isa = PBXFrameworksBuildPhase;
			buildActionMask = 2147483647;
			files = (
				2D3E300A23A8CFFF3F8E417C /* Pods_NetworkPlatform.framework in Frameworks */,
			);
			runOnlyForDeploymentPostprocessing = 0;
		};
		3FE800AF29AC7FE100598BC5 /* Frameworks */ = {
			isa = PBXFrameworksBuildPhase;
			buildActionMask = 2147483647;
			files = (
				3FDE2EF929AE0A9100B2DA0B /* Domain.framework in Frameworks */,
				3FDE2F1629AE109800B2DA0B /* NetworkPlatform.framework in Frameworks */,
				61D7BB76C3E244A30AC2803D /* Pods_CitySearch.framework in Frameworks */,
			);
			runOnlyForDeploymentPostprocessing = 0;
		};
		3FE800C529AC7FE300598BC5 /* Frameworks */ = {
			isa = PBXFrameworksBuildPhase;
			buildActionMask = 2147483647;
			files = (
				AB103328610D67CB225C0F9F /* Pods_CitySearchTests.framework in Frameworks */,
			);
			runOnlyForDeploymentPostprocessing = 0;
		};
		3FE800CF29AC7FE300598BC5 /* Frameworks */ = {
			isa = PBXFrameworksBuildPhase;
			buildActionMask = 2147483647;
			files = (
			);
			runOnlyForDeploymentPostprocessing = 0;
		};
/* End PBXFrameworksBuildPhase section */

/* Begin PBXGroup section */
		3FDE2EF429AE0A9100B2DA0B /* Domain */ = {
			isa = PBXGroup;
			children = (
				3FDE2EFF29AE0AD400B2DA0B /* Data */,
				3FDE2F0229AE0B8000B2DA0B /* Entries */,
				3FDE2F0529AE0CED00B2DA0B /* UseCases */,
				3FDE2EF529AE0A9100B2DA0B /* Domain.h */,
			);
			path = Domain;
			sourceTree = "<group>";
		};
		3FDE2EFF29AE0AD400B2DA0B /* Data */ = {
			isa = PBXGroup;
			children = (
				3FDE2F0029AE0AF600B2DA0B /* cities.json */,
			);
			path = Data;
			sourceTree = "<group>";
		};
		3FDE2F0229AE0B8000B2DA0B /* Entries */ = {
			isa = PBXGroup;
			children = (
				3FDE2F0329AE0B9100B2DA0B /* Cities.swift */,
			);
			path = Entries;
			sourceTree = "<group>";
		};
		3FDE2F0529AE0CED00B2DA0B /* UseCases */ = {
			isa = PBXGroup;
			children = (
				3FDE2F0729AE0D0200B2DA0B /* UseCaseProvider.swift */,
				3FDE2F0929AE0D2B00B2DA0B /* ListOfCitiesUseCase.swift */,
			);
			path = UseCases;
			sourceTree = "<group>";
		};
		3FDE2F1129AE109800B2DA0B /* NetworkPlatform */ = {
			isa = PBXGroup;
			children = (
				3FDE2F1B29AE10D800B2DA0B /* UseCases */,
				3FDE2F2029AE113400B2DA0B /* Service */,
				3FDE2F2329AE118800B2DA0B /* Network */,
				3FDE2F1229AE109800B2DA0B /* NetworkPlatform.h */,
			);
			path = NetworkPlatform;
			sourceTree = "<group>";
		};
		3FDE2F1B29AE10D800B2DA0B /* UseCases */ = {
			isa = PBXGroup;
			children = (
				3FDE2F1C29AE10E700B2DA0B /* UseCaseProvider.swift */,
				3FDE2F1E29AE110F00B2DA0B /* ListOfCitiesUseCase.swift */,
			);
			path = UseCases;
			sourceTree = "<group>";
		};
		3FDE2F2029AE113400B2DA0B /* Service */ = {
			isa = PBXGroup;
			children = (
				3FDE2F2129AE114900B2DA0B /* ListOfCitiesNetwork.swift */,
			);
			path = Service;
			sourceTree = "<group>";
		};
		3FDE2F2329AE118800B2DA0B /* Network */ = {
			isa = PBXGroup;
			children = (
				3FDE2F2429AE119E00B2DA0B /* NetworkFromJsonFile.swift */,
				3FDE2F2629AE11D300B2DA0B /* NetworkProvider.swift */,
			);
			path = Network;
			sourceTree = "<group>";
		};
		3FE800A929AC7FE100598BC5 = {
			isa = PBXGroup;
			children = (
				3FE800B429AC7FE100598BC5 /* CitySearch */,
				3FE800CB29AC7FE300598BC5 /* CitySearchTests */,
				3FE800D529AC7FE300598BC5 /* CitySearchUITests */,
				3FDE2EF429AE0A9100B2DA0B /* Domain */,
				3FDE2F1129AE109800B2DA0B /* NetworkPlatform */,
				3FE800B329AC7FE100598BC5 /* Products */,
				F611F009D9AA8670D15D1D9B /* Pods */,
				6B04C1E58D85A20A3829570B /* Frameworks */,
			);
			sourceTree = "<group>";
		};
		3FE800B329AC7FE100598BC5 /* Products */ = {
			isa = PBXGroup;
			children = (
				3FE800B229AC7FE100598BC5 /* CitySearch.app */,
				3FE800C829AC7FE300598BC5 /* CitySearchTests.xctest */,
				3FE800D229AC7FE300598BC5 /* CitySearchUITests.xctest */,
				3FDE2EF329AE0A9100B2DA0B /* Domain.framework */,
				3FDE2F1029AE109800B2DA0B /* NetworkPlatform.framework */,
			);
			name = Products;
			sourceTree = "<group>";
		};
		3FE800B429AC7FE100598BC5 /* CitySearch */ = {
			isa = PBXGroup;
			children = (
				3FE800E929ACAB3400598BC5 /* Scenes */,
				3FE800E529ACAA3000598BC5 /* Utility */,
				3FE800B529AC7FE100598BC5 /* AppDelegate.swift */,
				3FE800B729AC7FE100598BC5 /* SceneDelegate.swift */,
				3FE800BB29AC7FE100598BC5 /* Main.storyboard */,
				3FE800BE29AC7FE200598BC5 /* Assets.xcassets */,
				3FE800C029AC7FE200598BC5 /* LaunchScreen.storyboard */,
				3FE800C329AC7FE200598BC5 /* Info.plist */,
			);
			path = CitySearch;
			sourceTree = "<group>";
		};
		3FE800CB29AC7FE300598BC5 /* CitySearchTests */ = {
			isa = PBXGroup;
			children = (
				3FE800CC29AC7FE300598BC5 /* CitySearchTests.swift */,
			);
			path = CitySearchTests;
			sourceTree = "<group>";
		};
		3FE800D529AC7FE300598BC5 /* CitySearchUITests */ = {
			isa = PBXGroup;
			children = (
				3FE800D629AC7FE300598BC5 /* CitySearchUITests.swift */,
				3FE800D829AC7FE300598BC5 /* CitySearchUITestsLaunchTests.swift */,
			);
			path = CitySearchUITests;
			sourceTree = "<group>";
		};
		3FE800E529ACAA3000598BC5 /* Utility */ = {
			isa = PBXGroup;
			children = (
				3FE800EF29ACACE800598BC5 /* Reusable.swift */,
				3FE800E629ACAA4F00598BC5 /* Application */,
				3FDE2F2C29AE166500B2DA0B /* Observable+Ext.swift */,
			);
			path = Utility;
			sourceTree = "<group>";
		};
		3FE800E629ACAA4F00598BC5 /* Application */ = {
			isa = PBXGroup;
			children = (
				3FE800E729ACAA6B00598BC5 /* Application.swift */,
			);
			path = Application;
			sourceTree = "<group>";
		};
		3FE800E929ACAB3400598BC5 /* Scenes */ = {
			isa = PBXGroup;
			children = (
				3FE800EA29ACAB5300598BC5 /* CitySearch */,
			);
			path = Scenes;
			sourceTree = "<group>";
		};
		3FE800EA29ACAB5300598BC5 /* CitySearch */ = {
			isa = PBXGroup;
			children = (
				3FE800EB29ACAB7A00598BC5 /* CitySearchViewController.swift */,
				3FDE2F2829AE156300B2DA0B /* CitySearchViewModel.swift */,
				3FDE2F2A29AE15A300B2DA0B /* CitySearchItemViewModel.swift */,
				3FE800ED29ACABF500598BC5 /* DefaultCitySearchNavigator.swift */,
				3FDE2F2E29AE1F8E00B2DA0B /* CitySearchTableViewCell.swift */,
			);
			path = CitySearch;
			sourceTree = "<group>";
		};
		6B04C1E58D85A20A3829570B /* Frameworks */ = {
			isa = PBXGroup;
			children = (
				499C5835FC1E46010C7478E4 /* Pods_CitySearch.framework */,
				223AB47FB113B1EF714149FC /* Pods_CitySearchTests.framework */,
				F764C417197A38487D9EB479 /* Pods_Domain.framework */,
				DF575FF03900C74A90DCCC62 /* Pods_NetworkPlatform.framework */,
			);
			name = Frameworks;
			sourceTree = "<group>";
		};
		F611F009D9AA8670D15D1D9B /* Pods */ = {
			isa = PBXGroup;
			children = (
				8C9A0FC04198F8D2509CC26E /* Pods-CitySearch.debug.xcconfig */,
				B3E0D8EE7D9B9BA6315F581D /* Pods-CitySearch.release.xcconfig */,
				0974848ADD39782C966603C6 /* Pods-CitySearchTests.debug.xcconfig */,
				AC1480FEADE0981EB6E65313 /* Pods-CitySearchTests.release.xcconfig */,
				84C84510717F41A752D61C23 /* Pods-Domain.debug.xcconfig */,
				796E6C9A7416BB6C33E7E3BB /* Pods-Domain.release.xcconfig */,
				F7270B69E7D1538235D7D7B4 /* Pods-NetworkPlatform.debug.xcconfig */,
				D05E5E4598688460131B40ED /* Pods-NetworkPlatform.release.xcconfig */,
			);
			path = Pods;
			sourceTree = "<group>";
		};
/* End PBXGroup section */

/* Begin PBXHeadersBuildPhase section */
		3FDE2EEE29AE0A9100B2DA0B /* Headers */ = {
			isa = PBXHeadersBuildPhase;
			buildActionMask = 2147483647;
			files = (
				3FDE2EF629AE0A9100B2DA0B /* Domain.h in Headers */,
			);
			runOnlyForDeploymentPostprocessing = 0;
		};
		3FDE2F0B29AE109700B2DA0B /* Headers */ = {
			isa = PBXHeadersBuildPhase;
			buildActionMask = 2147483647;
			files = (
				3FDE2F1329AE109800B2DA0B /* NetworkPlatform.h in Headers */,
			);
			runOnlyForDeploymentPostprocessing = 0;
		};
/* End PBXHeadersBuildPhase section */

/* Begin PBXNativeTarget section */
		3FDE2EF229AE0A9100B2DA0B /* Domain */ = {
			isa = PBXNativeTarget;
			buildConfigurationList = 3FDE2EFE29AE0A9100B2DA0B /* Build configuration list for PBXNativeTarget "Domain" */;
			buildPhases = (
				EB658C36457DC15DD8503D3A /* [CP] Check Pods Manifest.lock */,
				3FDE2EEE29AE0A9100B2DA0B /* Headers */,
				3FDE2EEF29AE0A9100B2DA0B /* Sources */,
				3FDE2EF029AE0A9100B2DA0B /* Frameworks */,
				3FDE2EF129AE0A9100B2DA0B /* Resources */,
			);
			buildRules = (
			);
			dependencies = (
			);
			name = Domain;
			productName = Domain;
			productReference = 3FDE2EF329AE0A9100B2DA0B /* Domain.framework */;
			productType = "com.apple.product-type.framework";
		};
		3FDE2F0F29AE109700B2DA0B /* NetworkPlatform */ = {
			isa = PBXNativeTarget;
			buildConfigurationList = 3FDE2F1A29AE109800B2DA0B /* Build configuration list for PBXNativeTarget "NetworkPlatform" */;
			buildPhases = (
				4030489310ED2218DAB408CC /* [CP] Check Pods Manifest.lock */,
				3FDE2F0B29AE109700B2DA0B /* Headers */,
				3FDE2F0C29AE109700B2DA0B /* Sources */,
				3FDE2F0D29AE109700B2DA0B /* Frameworks */,
				3FDE2F0E29AE109700B2DA0B /* Resources */,
			);
			buildRules = (
			);
			dependencies = (
			);
			name = NetworkPlatform;
			productName = NetworkPlatform;
			productReference = 3FDE2F1029AE109800B2DA0B /* NetworkPlatform.framework */;
			productType = "com.apple.product-type.framework";
		};
		3FE800B129AC7FE100598BC5 /* CitySearch */ = {
			isa = PBXNativeTarget;
			buildConfigurationList = 3FE800DC29AC7FE300598BC5 /* Build configuration list for PBXNativeTarget "CitySearch" */;
			buildPhases = (
				4422EB33D555307D791CC341 /* [CP] Check Pods Manifest.lock */,
				3FE800AE29AC7FE100598BC5 /* Sources */,
				3FE800AF29AC7FE100598BC5 /* Frameworks */,
				3FE800B029AC7FE100598BC5 /* Resources */,
				2C6FB180ADE576747BF51704 /* [CP] Embed Pods Frameworks */,
				3FDE2EFB29AE0A9100B2DA0B /* Embed Frameworks */,
			);
			buildRules = (
			);
			dependencies = (
				3FDE2EF829AE0A9100B2DA0B /* PBXTargetDependency */,
				3FDE2F1529AE109800B2DA0B /* PBXTargetDependency */,
			);
			name = CitySearch;
			productName = CitySearch;
			productReference = 3FE800B229AC7FE100598BC5 /* CitySearch.app */;
			productType = "com.apple.product-type.application";
		};
		3FE800C729AC7FE300598BC5 /* CitySearchTests */ = {
			isa = PBXNativeTarget;
			buildConfigurationList = 3FE800DF29AC7FE300598BC5 /* Build configuration list for PBXNativeTarget "CitySearchTests" */;
			buildPhases = (
				C5E86072C792D7AF844D93D2 /* [CP] Check Pods Manifest.lock */,
				3FE800C429AC7FE300598BC5 /* Sources */,
				3FE800C529AC7FE300598BC5 /* Frameworks */,
				3FE800C629AC7FE300598BC5 /* Resources */,
				B07F371BFD8C1DF84F634863 /* [CP] Embed Pods Frameworks */,
			);
			buildRules = (
			);
			dependencies = (
				3FE800CA29AC7FE300598BC5 /* PBXTargetDependency */,
			);
			name = CitySearchTests;
			productName = CitySearchTests;
			productReference = 3FE800C829AC7FE300598BC5 /* CitySearchTests.xctest */;
			productType = "com.apple.product-type.bundle.unit-test";
		};
		3FE800D129AC7FE300598BC5 /* CitySearchUITests */ = {
			isa = PBXNativeTarget;
			buildConfigurationList = 3FE800E229AC7FE300598BC5 /* Build configuration list for PBXNativeTarget "CitySearchUITests" */;
			buildPhases = (
				3FE800CE29AC7FE300598BC5 /* Sources */,
				3FE800CF29AC7FE300598BC5 /* Frameworks */,
				3FE800D029AC7FE300598BC5 /* Resources */,
			);
			buildRules = (
			);
			dependencies = (
				3FE800D429AC7FE300598BC5 /* PBXTargetDependency */,
			);
			name = CitySearchUITests;
			productName = CitySearchUITests;
			productReference = 3FE800D229AC7FE300598BC5 /* CitySearchUITests.xctest */;
			productType = "com.apple.product-type.bundle.ui-testing";
		};
/* End PBXNativeTarget section */

/* Begin PBXProject section */
		3FE800AA29AC7FE100598BC5 /* Project object */ = {
			isa = PBXProject;
			attributes = {
				BuildIndependentTargetsInParallel = 1;
				LastSwiftUpdateCheck = 1420;
				LastUpgradeCheck = 1420;
				TargetAttributes = {
					3FDE2EF229AE0A9100B2DA0B = {
						CreatedOnToolsVersion = 14.2;
						LastSwiftMigration = 1420;
					};
					3FDE2F0F29AE109700B2DA0B = {
						CreatedOnToolsVersion = 14.2;
						LastSwiftMigration = 1420;
					};
					3FE800B129AC7FE100598BC5 = {
						CreatedOnToolsVersion = 14.2;
					};
					3FE800C729AC7FE300598BC5 = {
						CreatedOnToolsVersion = 14.2;
						TestTargetID = 3FE800B129AC7FE100598BC5;
					};
					3FE800D129AC7FE300598BC5 = {
						CreatedOnToolsVersion = 14.2;
						TestTargetID = 3FE800B129AC7FE100598BC5;
					};
				};
			};
			buildConfigurationList = 3FE800AD29AC7FE100598BC5 /* Build configuration list for PBXProject "CitySearch" */;
			compatibilityVersion = "Xcode 14.0";
			developmentRegion = en;
			hasScannedForEncodings = 0;
			knownRegions = (
				en,
				Base,
			);
			mainGroup = 3FE800A929AC7FE100598BC5;
			productRefGroup = 3FE800B329AC7FE100598BC5 /* Products */;
			projectDirPath = "";
			projectRoot = "";
			targets = (
				3FE800B129AC7FE100598BC5 /* CitySearch */,
				3FE800C729AC7FE300598BC5 /* CitySearchTests */,
				3FE800D129AC7FE300598BC5 /* CitySearchUITests */,
				3FDE2EF229AE0A9100B2DA0B /* Domain */,
				3FDE2F0F29AE109700B2DA0B /* NetworkPlatform */,
			);
		};
/* End PBXProject section */

/* Begin PBXResourcesBuildPhase section */
		3FDE2EF129AE0A9100B2DA0B /* Resources */ = {
			isa = PBXResourcesBuildPhase;
			buildActionMask = 2147483647;
			files = (
			);
			runOnlyForDeploymentPostprocessing = 0;
		};
		3FDE2F0E29AE109700B2DA0B /* Resources */ = {
			isa = PBXResourcesBuildPhase;
			buildActionMask = 2147483647;
			files = (
			);
			runOnlyForDeploymentPostprocessing = 0;
		};
		3FE800B029AC7FE100598BC5 /* Resources */ = {
			isa = PBXResourcesBuildPhase;
			buildActionMask = 2147483647;
			files = (
				3FDE2F0129AE0AF600B2DA0B /* cities.json in Resources */,
				3FE800C229AC7FE200598BC5 /* LaunchScreen.storyboard in Resources */,
				3FE800BF29AC7FE200598BC5 /* Assets.xcassets in Resources */,
				3FE800BD29AC7FE100598BC5 /* Main.storyboard in Resources */,
			);
			runOnlyForDeploymentPostprocessing = 0;
		};
		3FE800C629AC7FE300598BC5 /* Resources */ = {
			isa = PBXResourcesBuildPhase;
			buildActionMask = 2147483647;
			files = (
			);
			runOnlyForDeploymentPostprocessing = 0;
		};
		3FE800D029AC7FE300598BC5 /* Resources */ = {
			isa = PBXResourcesBuildPhase;
			buildActionMask = 2147483647;
			files = (
			);
			runOnlyForDeploymentPostprocessing = 0;
		};
/* End PBXResourcesBuildPhase section */

/* Begin PBXShellScriptBuildPhase section */
		2C6FB180ADE576747BF51704 /* [CP] Embed Pods Frameworks */ = {
			isa = PBXShellScriptBuildPhase;
			buildActionMask = 2147483647;
			files = (
			);
			inputFileListPaths = (
				"${PODS_ROOT}/Target Support Files/Pods-CitySearch/Pods-CitySearch-frameworks-${CONFIGURATION}-input-files.xcfilelist",
			);
			name = "[CP] Embed Pods Frameworks";
			outputFileListPaths = (
				"${PODS_ROOT}/Target Support Files/Pods-CitySearch/Pods-CitySearch-frameworks-${CONFIGURATION}-output-files.xcfilelist",
			);
			runOnlyForDeploymentPostprocessing = 0;
			shellPath = /bin/sh;
			shellScript = "\"${PODS_ROOT}/Target Support Files/Pods-CitySearch/Pods-CitySearch-frameworks.sh\"\n";
			showEnvVarsInLog = 0;
		};
		4030489310ED2218DAB408CC /* [CP] Check Pods Manifest.lock */ = {
			isa = PBXShellScriptBuildPhase;
			buildActionMask = 2147483647;
			files = (
			);
			inputFileListPaths = (
			);
			inputPaths = (
				"${PODS_PODFILE_DIR_PATH}/Podfile.lock",
				"${PODS_ROOT}/Manifest.lock",
			);
			name = "[CP] Check Pods Manifest.lock";
			outputFileListPaths = (
			);
			outputPaths = (
				"$(DERIVED_FILE_DIR)/Pods-NetworkPlatform-checkManifestLockResult.txt",
			);
			runOnlyForDeploymentPostprocessing = 0;
			shellPath = /bin/sh;
			shellScript = "diff \"${PODS_PODFILE_DIR_PATH}/Podfile.lock\" \"${PODS_ROOT}/Manifest.lock\" > /dev/null\nif [ $? != 0 ] ; then\n    # print error to STDERR\n    echo \"error: The sandbox is not in sync with the Podfile.lock. Run 'pod install' or update your CocoaPods installation.\" >&2\n    exit 1\nfi\n# This output is used by Xcode 'outputs' to avoid re-running this script phase.\necho \"SUCCESS\" > \"${SCRIPT_OUTPUT_FILE_0}\"\n";
			showEnvVarsInLog = 0;
		};
		4422EB33D555307D791CC341 /* [CP] Check Pods Manifest.lock */ = {
			isa = PBXShellScriptBuildPhase;
			buildActionMask = 2147483647;
			files = (
			);
			inputFileListPaths = (
			);
			inputPaths = (
				"${PODS_PODFILE_DIR_PATH}/Podfile.lock",
				"${PODS_ROOT}/Manifest.lock",
			);
			name = "[CP] Check Pods Manifest.lock";
			outputFileListPaths = (
			);
			outputPaths = (
				"$(DERIVED_FILE_DIR)/Pods-CitySearch-checkManifestLockResult.txt",
			);
			runOnlyForDeploymentPostprocessing = 0;
			shellPath = /bin/sh;
			shellScript = "diff \"${PODS_PODFILE_DIR_PATH}/Podfile.lock\" \"${PODS_ROOT}/Manifest.lock\" > /dev/null\nif [ $? != 0 ] ; then\n    # print error to STDERR\n    echo \"error: The sandbox is not in sync with the Podfile.lock. Run 'pod install' or update your CocoaPods installation.\" >&2\n    exit 1\nfi\n# This output is used by Xcode 'outputs' to avoid re-running this script phase.\necho \"SUCCESS\" > \"${SCRIPT_OUTPUT_FILE_0}\"\n";
			showEnvVarsInLog = 0;
		};
		B07F371BFD8C1DF84F634863 /* [CP] Embed Pods Frameworks */ = {
			isa = PBXShellScriptBuildPhase;
			buildActionMask = 2147483647;
			files = (
			);
			inputFileListPaths = (
				"${PODS_ROOT}/Target Support Files/Pods-CitySearchTests/Pods-CitySearchTests-frameworks-${CONFIGURATION}-input-files.xcfilelist",
			);
			name = "[CP] Embed Pods Frameworks";
			outputFileListPaths = (
				"${PODS_ROOT}/Target Support Files/Pods-CitySearchTests/Pods-CitySearchTests-frameworks-${CONFIGURATION}-output-files.xcfilelist",
			);
			runOnlyForDeploymentPostprocessing = 0;
			shellPath = /bin/sh;
			shellScript = "\"${PODS_ROOT}/Target Support Files/Pods-CitySearchTests/Pods-CitySearchTests-frameworks.sh\"\n";
			showEnvVarsInLog = 0;
		};
		C5E86072C792D7AF844D93D2 /* [CP] Check Pods Manifest.lock */ = {
			isa = PBXShellScriptBuildPhase;
			buildActionMask = 2147483647;
			files = (
			);
			inputFileListPaths = (
			);
			inputPaths = (
				"${PODS_PODFILE_DIR_PATH}/Podfile.lock",
				"${PODS_ROOT}/Manifest.lock",
			);
			name = "[CP] Check Pods Manifest.lock";
			outputFileListPaths = (
			);
			outputPaths = (
				"$(DERIVED_FILE_DIR)/Pods-CitySearchTests-checkManifestLockResult.txt",
			);
			runOnlyForDeploymentPostprocessing = 0;
			shellPath = /bin/sh;
			shellScript = "diff \"${PODS_PODFILE_DIR_PATH}/Podfile.lock\" \"${PODS_ROOT}/Manifest.lock\" > /dev/null\nif [ $? != 0 ] ; then\n    # print error to STDERR\n    echo \"error: The sandbox is not in sync with the Podfile.lock. Run 'pod install' or update your CocoaPods installation.\" >&2\n    exit 1\nfi\n# This output is used by Xcode 'outputs' to avoid re-running this script phase.\necho \"SUCCESS\" > \"${SCRIPT_OUTPUT_FILE_0}\"\n";
			showEnvVarsInLog = 0;
		};
		EB658C36457DC15DD8503D3A /* [CP] Check Pods Manifest.lock */ = {
			isa = PBXShellScriptBuildPhase;
			buildActionMask = 2147483647;
			files = (
			);
			inputFileListPaths = (
			);
			inputPaths = (
				"${PODS_PODFILE_DIR_PATH}/Podfile.lock",
				"${PODS_ROOT}/Manifest.lock",
			);
			name = "[CP] Check Pods Manifest.lock";
			outputFileListPaths = (
			);
			outputPaths = (
				"$(DERIVED_FILE_DIR)/Pods-Domain-checkManifestLockResult.txt",
			);
			runOnlyForDeploymentPostprocessing = 0;
			shellPath = /bin/sh;
			shellScript = "diff \"${PODS_PODFILE_DIR_PATH}/Podfile.lock\" \"${PODS_ROOT}/Manifest.lock\" > /dev/null\nif [ $? != 0 ] ; then\n    # print error to STDERR\n    echo \"error: The sandbox is not in sync with the Podfile.lock. Run 'pod install' or update your CocoaPods installation.\" >&2\n    exit 1\nfi\n# This output is used by Xcode 'outputs' to avoid re-running this script phase.\necho \"SUCCESS\" > \"${SCRIPT_OUTPUT_FILE_0}\"\n";
			showEnvVarsInLog = 0;
		};
/* End PBXShellScriptBuildPhase section */

/* Begin PBXSourcesBuildPhase section */
		3FDE2EEF29AE0A9100B2DA0B /* Sources */ = {
			isa = PBXSourcesBuildPhase;
			buildActionMask = 2147483647;
			files = (
				3FDE2F0829AE0D0200B2DA0B /* UseCaseProvider.swift in Sources */,
				3FDE2F0429AE0B9100B2DA0B /* Cities.swift in Sources */,
				3FDE2F0A29AE0D2B00B2DA0B /* ListOfCitiesUseCase.swift in Sources */,
			);
			runOnlyForDeploymentPostprocessing = 0;
		};
		3FDE2F0C29AE109700B2DA0B /* Sources */ = {
			isa = PBXSourcesBuildPhase;
			buildActionMask = 2147483647;
			files = (
				3FDE2F2529AE119E00B2DA0B /* NetworkFromJsonFile.swift in Sources */,
				3FDE2F1D29AE10E700B2DA0B /* UseCaseProvider.swift in Sources */,
				3FDE2F1F29AE110F00B2DA0B /* ListOfCitiesUseCase.swift in Sources */,
				3FDE2F2229AE114900B2DA0B /* ListOfCitiesNetwork.swift in Sources */,
				3FDE2F2729AE11D300B2DA0B /* NetworkProvider.swift in Sources */,
			);
			runOnlyForDeploymentPostprocessing = 0;
		};
		3FE800AE29AC7FE100598BC5 /* Sources */ = {
			isa = PBXSourcesBuildPhase;
			buildActionMask = 2147483647;
			files = (
				3FE800E829ACAA6B00598BC5 /* Application.swift in Sources */,
				3FE800EE29ACABF500598BC5 /* DefaultCitySearchNavigator.swift in Sources */,
				3FDE2F2B29AE15A300B2DA0B /* CitySearchItemViewModel.swift in Sources */,
				3FE800EC29ACAB7A00598BC5 /* CitySearchViewController.swift in Sources */,
				3FDE2F2F29AE1F8E00B2DA0B /* CitySearchTableViewCell.swift in Sources */,
				3FDE2F2D29AE166500B2DA0B /* Observable+Ext.swift in Sources */,
				3FDE2F2929AE156300B2DA0B /* CitySearchViewModel.swift in Sources */,
				3FE800B629AC7FE100598BC5 /* AppDelegate.swift in Sources */,
				3FE800B829AC7FE100598BC5 /* SceneDelegate.swift in Sources */,
				3FE800F029ACACE800598BC5 /* Reusable.swift in Sources */,
			);
			runOnlyForDeploymentPostprocessing = 0;
		};
		3FE800C429AC7FE300598BC5 /* Sources */ = {
			isa = PBXSourcesBuildPhase;
			buildActionMask = 2147483647;
			files = (
				3FE800CD29AC7FE300598BC5 /* CitySearchTests.swift in Sources */,
			);
			runOnlyForDeploymentPostprocessing = 0;
		};
		3FE800CE29AC7FE300598BC5 /* Sources */ = {
			isa = PBXSourcesBuildPhase;
			buildActionMask = 2147483647;
			files = (
				3FE800D729AC7FE300598BC5 /* CitySearchUITests.swift in Sources */,
				3FE800D929AC7FE300598BC5 /* CitySearchUITestsLaunchTests.swift in Sources */,
			);
			runOnlyForDeploymentPostprocessing = 0;
		};
/* End PBXSourcesBuildPhase section */

/* Begin PBXTargetDependency section */
		3FDE2EF829AE0A9100B2DA0B /* PBXTargetDependency */ = {
			isa = PBXTargetDependency;
			target = 3FDE2EF229AE0A9100B2DA0B /* Domain */;
			targetProxy = 3FDE2EF729AE0A9100B2DA0B /* PBXContainerItemProxy */;
		};
		3FDE2F1529AE109800B2DA0B /* PBXTargetDependency */ = {
			isa = PBXTargetDependency;
			target = 3FDE2F0F29AE109700B2DA0B /* NetworkPlatform */;
			targetProxy = 3FDE2F1429AE109800B2DA0B /* PBXContainerItemProxy */;
		};
		3FE800CA29AC7FE300598BC5 /* PBXTargetDependency */ = {
			isa = PBXTargetDependency;
			target = 3FE800B129AC7FE100598BC5 /* CitySearch */;
			targetProxy = 3FE800C929AC7FE300598BC5 /* PBXContainerItemProxy */;
		};
		3FE800D429AC7FE300598BC5 /* PBXTargetDependency */ = {
			isa = PBXTargetDependency;
			target = 3FE800B129AC7FE100598BC5 /* CitySearch */;
			targetProxy = 3FE800D329AC7FE300598BC5 /* PBXContainerItemProxy */;
		};
/* End PBXTargetDependency section */

/* Begin PBXVariantGroup section */
		3FE800BB29AC7FE100598BC5 /* Main.storyboard */ = {
			isa = PBXVariantGroup;
			children = (
				3FE800BC29AC7FE100598BC5 /* Base */,
			);
			name = Main.storyboard;
			sourceTree = "<group>";
		};
		3FE800C029AC7FE200598BC5 /* LaunchScreen.storyboard */ = {
			isa = PBXVariantGroup;
			children = (
				3FE800C129AC7FE200598BC5 /* Base */,
			);
			name = LaunchScreen.storyboard;
			sourceTree = "<group>";
		};
/* End PBXVariantGroup section */

/* Begin XCBuildConfiguration section */
		3FDE2EFC29AE0A9100B2DA0B /* Debug */ = {
			isa = XCBuildConfiguration;
			baseConfigurationReference = 84C84510717F41A752D61C23 /* Pods-Domain.debug.xcconfig */;
			buildSettings = {
				CLANG_ENABLE_MODULES = YES;
				CODE_SIGN_STYLE = Automatic;
				CURRENT_PROJECT_VERSION = 1;
				DEFINES_MODULE = YES;
				DYLIB_COMPATIBILITY_VERSION = 1;
				DYLIB_CURRENT_VERSION = 1;
				DYLIB_INSTALL_NAME_BASE = "@rpath";
				GENERATE_INFOPLIST_FILE = YES;
				INFOPLIST_KEY_NSHumanReadableCopyright = "";
				INSTALL_PATH = "$(LOCAL_LIBRARY_DIR)/Frameworks";
				IPHONEOS_DEPLOYMENT_TARGET = 14.0;
				LD_RUNPATH_SEARCH_PATHS = (
					"$(inherited)",
					"@executable_path/Frameworks",
					"@loader_path/Frameworks",
				);
				MARKETING_VERSION = 1.0;
				PRODUCT_BUNDLE_IDENTIFIER = com.willbkk.Domain;
				PRODUCT_NAME = "$(TARGET_NAME:c99extidentifier)";
				SKIP_INSTALL = YES;
				SWIFT_EMIT_LOC_STRINGS = YES;
				SWIFT_OPTIMIZATION_LEVEL = "-Onone";
				SWIFT_VERSION = 5.0;
				TARGETED_DEVICE_FAMILY = "1,2";
				VERSIONING_SYSTEM = "apple-generic";
				VERSION_INFO_PREFIX = "";
			};
			name = Debug;
		};
		3FDE2EFD29AE0A9100B2DA0B /* Release */ = {
			isa = XCBuildConfiguration;
			baseConfigurationReference = 796E6C9A7416BB6C33E7E3BB /* Pods-Domain.release.xcconfig */;
			buildSettings = {
				CLANG_ENABLE_MODULES = YES;
				CODE_SIGN_STYLE = Automatic;
				CURRENT_PROJECT_VERSION = 1;
				DEFINES_MODULE = YES;
				DYLIB_COMPATIBILITY_VERSION = 1;
				DYLIB_CURRENT_VERSION = 1;
				DYLIB_INSTALL_NAME_BASE = "@rpath";
				GENERATE_INFOPLIST_FILE = YES;
				INFOPLIST_KEY_NSHumanReadableCopyright = "";
				INSTALL_PATH = "$(LOCAL_LIBRARY_DIR)/Frameworks";
				IPHONEOS_DEPLOYMENT_TARGET = 14.0;
				LD_RUNPATH_SEARCH_PATHS = (
					"$(inherited)",
					"@executable_path/Frameworks",
					"@loader_path/Frameworks",
				);
				MARKETING_VERSION = 1.0;
				PRODUCT_BUNDLE_IDENTIFIER = com.willbkk.Domain;
				PRODUCT_NAME = "$(TARGET_NAME:c99extidentifier)";
				SKIP_INSTALL = YES;
				SWIFT_EMIT_LOC_STRINGS = YES;
				SWIFT_VERSION = 5.0;
				TARGETED_DEVICE_FAMILY = "1,2";
				VERSIONING_SYSTEM = "apple-generic";
				VERSION_INFO_PREFIX = "";
			};
			name = Release;
		};
		3FDE2F1829AE109800B2DA0B /* Debug */ = {
			isa = XCBuildConfiguration;
			baseConfigurationReference = F7270B69E7D1538235D7D7B4 /* Pods-NetworkPlatform.debug.xcconfig */;
			buildSettings = {
				CLANG_ENABLE_MODULES = YES;
				CODE_SIGN_STYLE = Automatic;
				CURRENT_PROJECT_VERSION = 1;
				DEFINES_MODULE = YES;
				DYLIB_COMPATIBILITY_VERSION = 1;
				DYLIB_CURRENT_VERSION = 1;
				DYLIB_INSTALL_NAME_BASE = "@rpath";
				GENERATE_INFOPLIST_FILE = YES;
				INFOPLIST_KEY_NSHumanReadableCopyright = "";
				INSTALL_PATH = "$(LOCAL_LIBRARY_DIR)/Frameworks";
				IPHONEOS_DEPLOYMENT_TARGET = 14.0;
				LD_RUNPATH_SEARCH_PATHS = (
					"$(inherited)",
					"@executable_path/Frameworks",
					"@loader_path/Frameworks",
				);
				MARKETING_VERSION = 1.0;
				PRODUCT_BUNDLE_IDENTIFIER = com.willbkk.NetworkPlatform;
				PRODUCT_NAME = "$(TARGET_NAME:c99extidentifier)";
				SKIP_INSTALL = YES;
				SWIFT_EMIT_LOC_STRINGS = YES;
				SWIFT_OPTIMIZATION_LEVEL = "-Onone";
				SWIFT_VERSION = 5.0;
				TARGETED_DEVICE_FAMILY = "1,2";
				VERSIONING_SYSTEM = "apple-generic";
				VERSION_INFO_PREFIX = "";
			};
			name = Debug;
		};
		3FDE2F1929AE109800B2DA0B /* Release */ = {
			isa = XCBuildConfiguration;
			baseConfigurationReference = D05E5E4598688460131B40ED /* Pods-NetworkPlatform.release.xcconfig */;
			buildSettings = {
				CLANG_ENABLE_MODULES = YES;
				CODE_SIGN_STYLE = Automatic;
				CURRENT_PROJECT_VERSION = 1;
				DEFINES_MODULE = YES;
				DYLIB_COMPATIBILITY_VERSION = 1;
				DYLIB_CURRENT_VERSION = 1;
				DYLIB_INSTALL_NAME_BASE = "@rpath";
				GENERATE_INFOPLIST_FILE = YES;
				INFOPLIST_KEY_NSHumanReadableCopyright = "";
				INSTALL_PATH = "$(LOCAL_LIBRARY_DIR)/Frameworks";
				IPHONEOS_DEPLOYMENT_TARGET = 14.0;
				LD_RUNPATH_SEARCH_PATHS = (
					"$(inherited)",
					"@executable_path/Frameworks",
					"@loader_path/Frameworks",
				);
				MARKETING_VERSION = 1.0;
				PRODUCT_BUNDLE_IDENTIFIER = com.willbkk.NetworkPlatform;
				PRODUCT_NAME = "$(TARGET_NAME:c99extidentifier)";
				SKIP_INSTALL = YES;
				SWIFT_EMIT_LOC_STRINGS = YES;
				SWIFT_VERSION = 5.0;
				TARGETED_DEVICE_FAMILY = "1,2";
				VERSIONING_SYSTEM = "apple-generic";
				VERSION_INFO_PREFIX = "";
			};
			name = Release;
		};
		3FE800DA29AC7FE300598BC5 /* Debug */ = {
			isa = XCBuildConfiguration;
			buildSettings = {
				ALWAYS_SEARCH_USER_PATHS = NO;
				CLANG_ANALYZER_NONNULL = YES;
				CLANG_ANALYZER_NUMBER_OBJECT_CONVERSION = YES_AGGRESSIVE;
				CLANG_CXX_LANGUAGE_STANDARD = "gnu++20";
				CLANG_ENABLE_MODULES = YES;
				CLANG_ENABLE_OBJC_ARC = YES;
				CLANG_ENABLE_OBJC_WEAK = YES;
				CLANG_WARN_BLOCK_CAPTURE_AUTORELEASING = YES;
				CLANG_WARN_BOOL_CONVERSION = YES;
				CLANG_WARN_COMMA = YES;
				CLANG_WARN_CONSTANT_CONVERSION = YES;
				CLANG_WARN_DEPRECATED_OBJC_IMPLEMENTATIONS = YES;
				CLANG_WARN_DIRECT_OBJC_ISA_USAGE = YES_ERROR;
				CLANG_WARN_DOCUMENTATION_COMMENTS = YES;
				CLANG_WARN_EMPTY_BODY = YES;
				CLANG_WARN_ENUM_CONVERSION = YES;
				CLANG_WARN_INFINITE_RECURSION = YES;
				CLANG_WARN_INT_CONVERSION = YES;
				CLANG_WARN_NON_LITERAL_NULL_CONVERSION = YES;
				CLANG_WARN_OBJC_IMPLICIT_RETAIN_SELF = YES;
				CLANG_WARN_OBJC_LITERAL_CONVERSION = YES;
				CLANG_WARN_OBJC_ROOT_CLASS = YES_ERROR;
				CLANG_WARN_QUOTED_INCLUDE_IN_FRAMEWORK_HEADER = YES;
				CLANG_WARN_RANGE_LOOP_ANALYSIS = YES;
				CLANG_WARN_STRICT_PROTOTYPES = YES;
				CLANG_WARN_SUSPICIOUS_MOVE = YES;
				CLANG_WARN_UNGUARDED_AVAILABILITY = YES_AGGRESSIVE;
				CLANG_WARN_UNREACHABLE_CODE = YES;
				CLANG_WARN__DUPLICATE_METHOD_MATCH = YES;
				COPY_PHASE_STRIP = NO;
				DEBUG_INFORMATION_FORMAT = dwarf;
				ENABLE_STRICT_OBJC_MSGSEND = YES;
				ENABLE_TESTABILITY = YES;
				GCC_C_LANGUAGE_STANDARD = gnu11;
				GCC_DYNAMIC_NO_PIC = NO;
				GCC_NO_COMMON_BLOCKS = YES;
				GCC_OPTIMIZATION_LEVEL = 0;
				GCC_PREPROCESSOR_DEFINITIONS = (
					"DEBUG=1",
					"$(inherited)",
				);
				GCC_WARN_64_TO_32_BIT_CONVERSION = YES;
				GCC_WARN_ABOUT_RETURN_TYPE = YES_ERROR;
				GCC_WARN_UNDECLARED_SELECTOR = YES;
				GCC_WARN_UNINITIALIZED_AUTOS = YES_AGGRESSIVE;
				GCC_WARN_UNUSED_FUNCTION = YES;
				GCC_WARN_UNUSED_VARIABLE = YES;
				IPHONEOS_DEPLOYMENT_TARGET = 16.2;
				MTL_ENABLE_DEBUG_INFO = INCLUDE_SOURCE;
				MTL_FAST_MATH = YES;
				ONLY_ACTIVE_ARCH = YES;
				SDKROOT = iphoneos;
				SWIFT_ACTIVE_COMPILATION_CONDITIONS = DEBUG;
				SWIFT_OPTIMIZATION_LEVEL = "-Onone";
			};
			name = Debug;
		};
		3FE800DB29AC7FE300598BC5 /* Release */ = {
			isa = XCBuildConfiguration;
			buildSettings = {
				ALWAYS_SEARCH_USER_PATHS = NO;
				CLANG_ANALYZER_NONNULL = YES;
				CLANG_ANALYZER_NUMBER_OBJECT_CONVERSION = YES_AGGRESSIVE;
				CLANG_CXX_LANGUAGE_STANDARD = "gnu++20";
				CLANG_ENABLE_MODULES = YES;
				CLANG_ENABLE_OBJC_ARC = YES;
				CLANG_ENABLE_OBJC_WEAK = YES;
				CLANG_WARN_BLOCK_CAPTURE_AUTORELEASING = YES;
				CLANG_WARN_BOOL_CONVERSION = YES;
				CLANG_WARN_COMMA = YES;
				CLANG_WARN_CONSTANT_CONVERSION = YES;
				CLANG_WARN_DEPRECATED_OBJC_IMPLEMENTATIONS = YES;
				CLANG_WARN_DIRECT_OBJC_ISA_USAGE = YES_ERROR;
				CLANG_WARN_DOCUMENTATION_COMMENTS = YES;
				CLANG_WARN_EMPTY_BODY = YES;
				CLANG_WARN_ENUM_CONVERSION = YES;
				CLANG_WARN_INFINITE_RECURSION = YES;
				CLANG_WARN_INT_CONVERSION = YES;
				CLANG_WARN_NON_LITERAL_NULL_CONVERSION = YES;
				CLANG_WARN_OBJC_IMPLICIT_RETAIN_SELF = YES;
				CLANG_WARN_OBJC_LITERAL_CONVERSION = YES;
				CLANG_WARN_OBJC_ROOT_CLASS = YES_ERROR;
				CLANG_WARN_QUOTED_INCLUDE_IN_FRAMEWORK_HEADER = YES;
				CLANG_WARN_RANGE_LOOP_ANALYSIS = YES;
				CLANG_WARN_STRICT_PROTOTYPES = YES;
				CLANG_WARN_SUSPICIOUS_MOVE = YES;
				CLANG_WARN_UNGUARDED_AVAILABILITY = YES_AGGRESSIVE;
				CLANG_WARN_UNREACHABLE_CODE = YES;
				CLANG_WARN__DUPLICATE_METHOD_MATCH = YES;
				COPY_PHASE_STRIP = NO;
				DEBUG_INFORMATION_FORMAT = "dwarf-with-dsym";
				ENABLE_NS_ASSERTIONS = NO;
				ENABLE_STRICT_OBJC_MSGSEND = YES;
				GCC_C_LANGUAGE_STANDARD = gnu11;
				GCC_NO_COMMON_BLOCKS = YES;
				GCC_WARN_64_TO_32_BIT_CONVERSION = YES;
				GCC_WARN_ABOUT_RETURN_TYPE = YES_ERROR;
				GCC_WARN_UNDECLARED_SELECTOR = YES;
				GCC_WARN_UNINITIALIZED_AUTOS = YES_AGGRESSIVE;
				GCC_WARN_UNUSED_FUNCTION = YES;
				GCC_WARN_UNUSED_VARIABLE = YES;
				IPHONEOS_DEPLOYMENT_TARGET = 16.2;
				MTL_ENABLE_DEBUG_INFO = NO;
				MTL_FAST_MATH = YES;
				SDKROOT = iphoneos;
				SWIFT_COMPILATION_MODE = wholemodule;
				SWIFT_OPTIMIZATION_LEVEL = "-O";
				VALIDATE_PRODUCT = YES;
			};
			name = Release;
		};
		3FE800DD29AC7FE300598BC5 /* Debug */ = {
			isa = XCBuildConfiguration;
			baseConfigurationReference = 8C9A0FC04198F8D2509CC26E /* Pods-CitySearch.debug.xcconfig */;
			buildSettings = {
				ALWAYS_EMBED_SWIFT_STANDARD_LIBRARIES = YES;
				ASSETCATALOG_COMPILER_APPICON_NAME = AppIcon;
				ASSETCATALOG_COMPILER_GLOBAL_ACCENT_COLOR_NAME = AccentColor;
				CODE_SIGN_STYLE = Automatic;
				CURRENT_PROJECT_VERSION = 1;
				GENERATE_INFOPLIST_FILE = YES;
				INFOPLIST_FILE = CitySearch/Info.plist;
				INFOPLIST_KEY_UIApplicationSupportsIndirectInputEvents = YES;
				INFOPLIST_KEY_UILaunchStoryboardName = "";
				INFOPLIST_KEY_UISupportedInterfaceOrientations_iPad = "UIInterfaceOrientationPortrait UIInterfaceOrientationPortraitUpsideDown UIInterfaceOrientationLandscapeLeft UIInterfaceOrientationLandscapeRight";
				INFOPLIST_KEY_UISupportedInterfaceOrientations_iPhone = "UIInterfaceOrientationPortrait UIInterfaceOrientationLandscapeLeft UIInterfaceOrientationLandscapeRight";
				IPHONEOS_DEPLOYMENT_TARGET = 14.0;
				LD_RUNPATH_SEARCH_PATHS = (
					"$(inherited)",
					"@executable_path/Frameworks",
				);
				MARKETING_VERSION = 1.0;
				PRODUCT_BUNDLE_IDENTIFIER = com.willbkk.CitySearch;
				PRODUCT_NAME = "$(TARGET_NAME)";
				SWIFT_EMIT_LOC_STRINGS = YES;
				SWIFT_VERSION = 5.0;
				TARGETED_DEVICE_FAMILY = "1,2";
			};
			name = Debug;
		};
		3FE800DE29AC7FE300598BC5 /* Release */ = {
			isa = XCBuildConfiguration;
			baseConfigurationReference = B3E0D8EE7D9B9BA6315F581D /* Pods-CitySearch.release.xcconfig */;
			buildSettings = {
				ALWAYS_EMBED_SWIFT_STANDARD_LIBRARIES = YES;
				ASSETCATALOG_COMPILER_APPICON_NAME = AppIcon;
				ASSETCATALOG_COMPILER_GLOBAL_ACCENT_COLOR_NAME = AccentColor;
				CODE_SIGN_STYLE = Automatic;
				CURRENT_PROJECT_VERSION = 1;
				GENERATE_INFOPLIST_FILE = YES;
				INFOPLIST_FILE = CitySearch/Info.plist;
				INFOPLIST_KEY_UIApplicationSupportsIndirectInputEvents = YES;
				INFOPLIST_KEY_UILaunchStoryboardName = "";
				INFOPLIST_KEY_UISupportedInterfaceOrientations_iPad = "UIInterfaceOrientationPortrait UIInterfaceOrientationPortraitUpsideDown UIInterfaceOrientationLandscapeLeft UIInterfaceOrientationLandscapeRight";
				INFOPLIST_KEY_UISupportedInterfaceOrientations_iPhone = "UIInterfaceOrientationPortrait UIInterfaceOrientationLandscapeLeft UIInterfaceOrientationLandscapeRight";
				IPHONEOS_DEPLOYMENT_TARGET = 14.0;
				LD_RUNPATH_SEARCH_PATHS = (
					"$(inherited)",
					"@executable_path/Frameworks",
				);
				MARKETING_VERSION = 1.0;
				PRODUCT_BUNDLE_IDENTIFIER = com.willbkk.CitySearch;
				PRODUCT_NAME = "$(TARGET_NAME)";
				SWIFT_EMIT_LOC_STRINGS = YES;
				SWIFT_VERSION = 5.0;
				TARGETED_DEVICE_FAMILY = "1,2";
			};
			name = Release;
		};
		3FE800E029AC7FE300598BC5 /* Debug */ = {
			isa = XCBuildConfiguration;
			baseConfigurationReference = 0974848ADD39782C966603C6 /* Pods-CitySearchTests.debug.xcconfig */;
			buildSettings = {
				ALWAYS_EMBED_SWIFT_STANDARD_LIBRARIES = YES;
				BUNDLE_LOADER = "$(TEST_HOST)";
				CODE_SIGN_STYLE = Automatic;
				CURRENT_PROJECT_VERSION = 1;
				GENERATE_INFOPLIST_FILE = YES;
				IPHONEOS_DEPLOYMENT_TARGET = 16.2;
				MARKETING_VERSION = 1.0;
				PRODUCT_BUNDLE_IDENTIFIER = com.willbkk.CitySearchTests;
				PRODUCT_NAME = "$(TARGET_NAME)";
				SWIFT_EMIT_LOC_STRINGS = NO;
				SWIFT_VERSION = 5.0;
				TARGETED_DEVICE_FAMILY = "1,2";
				TEST_HOST = "$(BUILT_PRODUCTS_DIR)/CitySearch.app/$(BUNDLE_EXECUTABLE_FOLDER_PATH)/CitySearch";
			};
			name = Debug;
		};
		3FE800E129AC7FE300598BC5 /* Release */ = {
			isa = XCBuildConfiguration;
			baseConfigurationReference = AC1480FEADE0981EB6E65313 /* Pods-CitySearchTests.release.xcconfig */;
			buildSettings = {
				ALWAYS_EMBED_SWIFT_STANDARD_LIBRARIES = YES;
				BUNDLE_LOADER = "$(TEST_HOST)";
				CODE_SIGN_STYLE = Automatic;
				CURRENT_PROJECT_VERSION = 1;
				GENERATE_INFOPLIST_FILE = YES;
				IPHONEOS_DEPLOYMENT_TARGET = 16.2;
				MARKETING_VERSION = 1.0;
				PRODUCT_BUNDLE_IDENTIFIER = com.willbkk.CitySearchTests;
				PRODUCT_NAME = "$(TARGET_NAME)";
				SWIFT_EMIT_LOC_STRINGS = NO;
				SWIFT_VERSION = 5.0;
				TARGETED_DEVICE_FAMILY = "1,2";
				TEST_HOST = "$(BUILT_PRODUCTS_DIR)/CitySearch.app/$(BUNDLE_EXECUTABLE_FOLDER_PATH)/CitySearch";
			};
			name = Release;
		};
		3FE800E329AC7FE300598BC5 /* Debug */ = {
			isa = XCBuildConfiguration;
			buildSettings = {
				ALWAYS_EMBED_SWIFT_STANDARD_LIBRARIES = YES;
				CODE_SIGN_STYLE = Automatic;
				CURRENT_PROJECT_VERSION = 1;
				GENERATE_INFOPLIST_FILE = YES;
				MARKETING_VERSION = 1.0;
				PRODUCT_BUNDLE_IDENTIFIER = com.willbkk.CitySearchUITests;
				PRODUCT_NAME = "$(TARGET_NAME)";
				SWIFT_EMIT_LOC_STRINGS = NO;
				SWIFT_VERSION = 5.0;
				TARGETED_DEVICE_FAMILY = "1,2";
				TEST_TARGET_NAME = CitySearch;
			};
			name = Debug;
		};
		3FE800E429AC7FE300598BC5 /* Release */ = {
			isa = XCBuildConfiguration;
			buildSettings = {
				ALWAYS_EMBED_SWIFT_STANDARD_LIBRARIES = YES;
				CODE_SIGN_STYLE = Automatic;
				CURRENT_PROJECT_VERSION = 1;
				GENERATE_INFOPLIST_FILE = YES;
				MARKETING_VERSION = 1.0;
				PRODUCT_BUNDLE_IDENTIFIER = com.willbkk.CitySearchUITests;
				PRODUCT_NAME = "$(TARGET_NAME)";
				SWIFT_EMIT_LOC_STRINGS = NO;
				SWIFT_VERSION = 5.0;
				TARGETED_DEVICE_FAMILY = "1,2";
				TEST_TARGET_NAME = CitySearch;
			};
			name = Release;
		};
/* End XCBuildConfiguration section */

/* Begin XCConfigurationList section */
		3FDE2EFE29AE0A9100B2DA0B /* Build configuration list for PBXNativeTarget "Domain" */ = {
			isa = XCConfigurationList;
			buildConfigurations = (
				3FDE2EFC29AE0A9100B2DA0B /* Debug */,
				3FDE2EFD29AE0A9100B2DA0B /* Release */,
			);
			defaultConfigurationIsVisible = 0;
			defaultConfigurationName = Release;
		};
		3FDE2F1A29AE109800B2DA0B /* Build configuration list for PBXNativeTarget "NetworkPlatform" */ = {
			isa = XCConfigurationList;
			buildConfigurations = (
				3FDE2F1829AE109800B2DA0B /* Debug */,
				3FDE2F1929AE109800B2DA0B /* Release */,
			);
			defaultConfigurationIsVisible = 0;
			defaultConfigurationName = Release;
		};
		3FE800AD29AC7FE100598BC5 /* Build configuration list for PBXProject "CitySearch" */ = {
			isa = XCConfigurationList;
			buildConfigurations = (
				3FE800DA29AC7FE300598BC5 /* Debug */,
				3FE800DB29AC7FE300598BC5 /* Release */,
			);
			defaultConfigurationIsVisible = 0;
			defaultConfigurationName = Release;
		};
		3FE800DC29AC7FE300598BC5 /* Build configuration list for PBXNativeTarget "CitySearch" */ = {
			isa = XCConfigurationList;
			buildConfigurations = (
				3FE800DD29AC7FE300598BC5 /* Debug */,
				3FE800DE29AC7FE300598BC5 /* Release */,
			);
			defaultConfigurationIsVisible = 0;
			defaultConfigurationName = Release;
		};
		3FE800DF29AC7FE300598BC5 /* Build configuration list for PBXNativeTarget "CitySearchTests" */ = {
			isa = XCConfigurationList;
			buildConfigurations = (
				3FE800E029AC7FE300598BC5 /* Debug */,
				3FE800E129AC7FE300598BC5 /* Release */,
			);
			defaultConfigurationIsVisible = 0;
			defaultConfigurationName = Release;
		};
		3FE800E229AC7FE300598BC5 /* Build configuration list for PBXNativeTarget "CitySearchUITests" */ = {
			isa = XCConfigurationList;
			buildConfigurations = (
				3FE800E329AC7FE300598BC5 /* Debug */,
				3FE800E429AC7FE300598BC5 /* Release */,
			);
			defaultConfigurationIsVisible = 0;
			defaultConfigurationName = Release;
		};
/* End XCConfigurationList section */
	};
	rootObject = 3FE800AA29AC7FE100598BC5 /* Project object */;
}
